// !$*UTF8*$!
{
	archiveVersion = 1;
	classes = {
	};
	objectVersion = 46;
	objects = {

/* Begin PBXBuildFile section */
		B5B113C71BA5A67A00257C49 /* AppDelegate.swift in Sources */ = {isa = PBXBuildFile; fileRef = B5B113C61BA5A67A00257C49 /* AppDelegate.swift */; };
		B5B113C91BA5A67A00257C49 /* ViewController.swift in Sources */ = {isa = PBXBuildFile; fileRef = B5B113C81BA5A67A00257C49 /* ViewController.swift */; };
		B5B113CC1BA5A67A00257C49 /* Main.storyboard in Resources */ = {isa = PBXBuildFile; fileRef = B5B113CA1BA5A67A00257C49 /* Main.storyboard */; };
		B5B113CE1BA5A67A00257C49 /* Images.xcassets in Resources */ = {isa = PBXBuildFile; fileRef = B5B113CD1BA5A67A00257C49 /* Images.xcassets */; };
		B5B113D11BA5A67A00257C49 /* LaunchScreen.xib in Resources */ = {isa = PBXBuildFile; fileRef = B5B113CF1BA5A67A00257C49 /* LaunchScreen.xib */; };
		B5B113F31BA5A7C100257C49 /* AppDelegate.swift in Sources */ = {isa = PBXBuildFile; fileRef = B5B113F21BA5A7C100257C49 /* AppDelegate.swift */; };
		B5B113F51BA5A7C100257C49 /* ViewController.swift in Sources */ = {isa = PBXBuildFile; fileRef = B5B113F41BA5A7C100257C49 /* ViewController.swift */; };
		B5B113F81BA5A7C100257C49 /* Main.storyboard in Resources */ = {isa = PBXBuildFile; fileRef = B5B113F61BA5A7C100257C49 /* Main.storyboard */; };
		B5B113FA1BA5A7C100257C49 /* Images.xcassets in Resources */ = {isa = PBXBuildFile; fileRef = B5B113F91BA5A7C100257C49 /* Images.xcassets */; };
		B5B113FD1BA5A7C100257C49 /* LaunchScreen.xib in Resources */ = {isa = PBXBuildFile; fileRef = B5B113FB1BA5A7C100257C49 /* LaunchScreen.xib */; };
		B5B114191BA5A7EA00257C49 /* AppDelegate.swift in Sources */ = {isa = PBXBuildFile; fileRef = B5B114181BA5A7EA00257C49 /* AppDelegate.swift */; };
		B5B1141B1BA5A7EA00257C49 /* ViewController.swift in Sources */ = {isa = PBXBuildFile; fileRef = B5B1141A1BA5A7EA00257C49 /* ViewController.swift */; };
		B5B1141E1BA5A7EA00257C49 /* Main.storyboard in Resources */ = {isa = PBXBuildFile; fileRef = B5B1141C1BA5A7EA00257C49 /* Main.storyboard */; };
		B5B114201BA5A7EA00257C49 /* Images.xcassets in Resources */ = {isa = PBXBuildFile; fileRef = B5B1141F1BA5A7EA00257C49 /* Images.xcassets */; };
		B5B114231BA5A7EA00257C49 /* LaunchScreen.xib in Resources */ = {isa = PBXBuildFile; fileRef = B5B114211BA5A7EA00257C49 /* LaunchScreen.xib */; };
		B5B1143F1BA5A80700257C49 /* AppDelegate.swift in Sources */ = {isa = PBXBuildFile; fileRef = B5B1143E1BA5A80700257C49 /* AppDelegate.swift */; };
		B5B114411BA5A80700257C49 /* ViewController.swift in Sources */ = {isa = PBXBuildFile; fileRef = B5B114401BA5A80700257C49 /* ViewController.swift */; };
		B5B114441BA5A80700257C49 /* Main.storyboard in Resources */ = {isa = PBXBuildFile; fileRef = B5B114421BA5A80700257C49 /* Main.storyboard */; };
		B5B114461BA5A80700257C49 /* Images.xcassets in Resources */ = {isa = PBXBuildFile; fileRef = B5B114451BA5A80700257C49 /* Images.xcassets */; };
		B5B114491BA5A80700257C49 /* LaunchScreen.xib in Resources */ = {isa = PBXBuildFile; fileRef = B5B114471BA5A80700257C49 /* LaunchScreen.xib */; };
		B5B114651BA5A82300257C49 /* AppDelegate.swift in Sources */ = {isa = PBXBuildFile; fileRef = B5B114641BA5A82300257C49 /* AppDelegate.swift */; };
		B5B114671BA5A82300257C49 /* ViewController.swift in Sources */ = {isa = PBXBuildFile; fileRef = B5B114661BA5A82300257C49 /* ViewController.swift */; };
		B5B1146A1BA5A82300257C49 /* Main.storyboard in Resources */ = {isa = PBXBuildFile; fileRef = B5B114681BA5A82300257C49 /* Main.storyboard */; };
		B5B1146C1BA5A82300257C49 /* Images.xcassets in Resources */ = {isa = PBXBuildFile; fileRef = B5B1146B1BA5A82300257C49 /* Images.xcassets */; };
		B5B1146F1BA5A82300257C49 /* LaunchScreen.xib in Resources */ = {isa = PBXBuildFile; fileRef = B5B1146D1BA5A82300257C49 /* LaunchScreen.xib */; };
		B5B1148B1BA5A85B00257C49 /* AppDelegate.swift in Sources */ = {isa = PBXBuildFile; fileRef = B5B1148A1BA5A85B00257C49 /* AppDelegate.swift */; };
		B5B1148D1BA5A85B00257C49 /* ViewController.swift in Sources */ = {isa = PBXBuildFile; fileRef = B5B1148C1BA5A85B00257C49 /* ViewController.swift */; };
		B5B114901BA5A85B00257C49 /* Main.storyboard in Resources */ = {isa = PBXBuildFile; fileRef = B5B1148E1BA5A85B00257C49 /* Main.storyboard */; };
		B5B114921BA5A85B00257C49 /* Images.xcassets in Resources */ = {isa = PBXBuildFile; fileRef = B5B114911BA5A85B00257C49 /* Images.xcassets */; };
		B5B114951BA5A85B00257C49 /* LaunchScreen.xib in Resources */ = {isa = PBXBuildFile; fileRef = B5B114931BA5A85B00257C49 /* LaunchScreen.xib */; };
		B5B114B11BA5A87B00257C49 /* AppDelegate.swift in Sources */ = {isa = PBXBuildFile; fileRef = B5B114B01BA5A87B00257C49 /* AppDelegate.swift */; };
		B5B114B31BA5A87B00257C49 /* ViewController.swift in Sources */ = {isa = PBXBuildFile; fileRef = B5B114B21BA5A87B00257C49 /* ViewController.swift */; };
		B5B114B61BA5A87B00257C49 /* Main.storyboard in Resources */ = {isa = PBXBuildFile; fileRef = B5B114B41BA5A87B00257C49 /* Main.storyboard */; };
		B5B114B81BA5A87B00257C49 /* Images.xcassets in Resources */ = {isa = PBXBuildFile; fileRef = B5B114B71BA5A87B00257C49 /* Images.xcassets */; };
		B5B114BB1BA5A87B00257C49 /* LaunchScreen.xib in Resources */ = {isa = PBXBuildFile; fileRef = B5B114B91BA5A87B00257C49 /* LaunchScreen.xib */; };
		B5B114D71BA5A90A00257C49 /* AppDelegate.swift in Sources */ = {isa = PBXBuildFile; fileRef = B5B114D61BA5A90A00257C49 /* AppDelegate.swift */; };
		B5B114D91BA5A90A00257C49 /* ViewController.swift in Sources */ = {isa = PBXBuildFile; fileRef = B5B114D81BA5A90A00257C49 /* ViewController.swift */; };
		B5B114DC1BA5A90A00257C49 /* Main.storyboard in Resources */ = {isa = PBXBuildFile; fileRef = B5B114DA1BA5A90A00257C49 /* Main.storyboard */; };
		B5B114DE1BA5A90A00257C49 /* Images.xcassets in Resources */ = {isa = PBXBuildFile; fileRef = B5B114DD1BA5A90A00257C49 /* Images.xcassets */; };
		B5B114E11BA5A90A00257C49 /* LaunchScreen.xib in Resources */ = {isa = PBXBuildFile; fileRef = B5B114DF1BA5A90A00257C49 /* LaunchScreen.xib */; };
		B5B114FD1BA5A92F00257C49 /* AppDelegate.swift in Sources */ = {isa = PBXBuildFile; fileRef = B5B114FC1BA5A92F00257C49 /* AppDelegate.swift */; };
		B5B114FF1BA5A92F00257C49 /* ViewController.swift in Sources */ = {isa = PBXBuildFile; fileRef = B5B114FE1BA5A92F00257C49 /* ViewController.swift */; };
		B5B115021BA5A92F00257C49 /* Main.storyboard in Resources */ = {isa = PBXBuildFile; fileRef = B5B115001BA5A92F00257C49 /* Main.storyboard */; };
		B5B115041BA5A92F00257C49 /* Images.xcassets in Resources */ = {isa = PBXBuildFile; fileRef = B5B115031BA5A92F00257C49 /* Images.xcassets */; };
		B5B115071BA5A92F00257C49 /* LaunchScreen.xib in Resources */ = {isa = PBXBuildFile; fileRef = B5B115051BA5A92F00257C49 /* LaunchScreen.xib */; };
/* End PBXBuildFile section */

/* Begin PBXContainerItemProxy section */
		B5B113D71BA5A67A00257C49 /* PBXContainerItemProxy */ = {
			isa = PBXContainerItemProxy;
			containerPortal = B5B113B91BA5A67A00257C49 /* Project object */;
			proxyType = 1;
			remoteGlobalIDString = B5B113C01BA5A67A00257C49;
			remoteInfo = "Introduction aux storyboards";
		};
/* End PBXContainerItemProxy section */

/* Begin PBXFileReference section */
		B5B113C11BA5A67A00257C49 /* Introduction aux storyboards.app */ = {isa = PBXFileReference; explicitFileType = wrapper.application; includeInIndex = 0; path = "Introduction aux storyboards.app"; sourceTree = BUILT_PRODUCTS_DIR; };
		B5B113C51BA5A67A00257C49 /* Info.plist */ = {isa = PBXFileReference; lastKnownFileType = text.plist.xml; path = Info.plist; sourceTree = "<group>"; };
		B5B113C61BA5A67A00257C49 /* AppDelegate.swift */ = {isa = PBXFileReference; lastKnownFileType = sourcecode.swift; path = AppDelegate.swift; sourceTree = "<group>"; };
		B5B113C81BA5A67A00257C49 /* ViewController.swift */ = {isa = PBXFileReference; lastKnownFileType = sourcecode.swift; path = ViewController.swift; sourceTree = "<group>"; };
		B5B113CB1BA5A67A00257C49 /* Base */ = {isa = PBXFileReference; lastKnownFileType = file.storyboard; name = Base; path = Base.lproj/Main.storyboard; sourceTree = "<group>"; };
		B5B113CD1BA5A67A00257C49 /* Images.xcassets */ = {isa = PBXFileReference; lastKnownFileType = folder.assetcatalog; path = Images.xcassets; sourceTree = "<group>"; };
		B5B113D01BA5A67A00257C49 /* Base */ = {isa = PBXFileReference; lastKnownFileType = file.xib; name = Base; path = Base.lproj/LaunchScreen.xib; sourceTree = "<group>"; };
		B5B113D61BA5A67A00257C49 /* Introduction aux storyboardsTests.xctest */ = {isa = PBXFileReference; explicitFileType = wrapper.cfbundle; includeInIndex = 0; path = "Introduction aux storyboardsTests.xctest"; sourceTree = BUILT_PRODUCTS_DIR; };
		B5B113EE1BA5A7C100257C49 /* module 01.app */ = {isa = PBXFileReference; explicitFileType = wrapper.application; includeInIndex = 0; path = "module 01.app"; sourceTree = BUILT_PRODUCTS_DIR; };
		B5B113F11BA5A7C100257C49 /* Info.plist */ = {isa = PBXFileReference; lastKnownFileType = text.plist.xml; path = Info.plist; sourceTree = "<group>"; };
		B5B113F21BA5A7C100257C49 /* AppDelegate.swift */ = {isa = PBXFileReference; lastKnownFileType = sourcecode.swift; path = AppDelegate.swift; sourceTree = "<group>"; };
		B5B113F41BA5A7C100257C49 /* ViewController.swift */ = {isa = PBXFileReference; lastKnownFileType = sourcecode.swift; path = ViewController.swift; sourceTree = "<group>"; };
		B5B113F71BA5A7C100257C49 /* Base */ = {isa = PBXFileReference; lastKnownFileType = file.storyboard; name = Base; path = Base.lproj/Main.storyboard; sourceTree = "<group>"; };
		B5B113F91BA5A7C100257C49 /* Images.xcassets */ = {isa = PBXFileReference; lastKnownFileType = folder.assetcatalog; path = Images.xcassets; sourceTree = "<group>"; };
		B5B113FC1BA5A7C100257C49 /* Base */ = {isa = PBXFileReference; lastKnownFileType = file.xib; name = Base; path = Base.lproj/LaunchScreen.xib; sourceTree = "<group>"; };
		B5B114141BA5A7EA00257C49 /* module 02.app */ = {isa = PBXFileReference; explicitFileType = wrapper.application; includeInIndex = 0; path = "module 02.app"; sourceTree = BUILT_PRODUCTS_DIR; };
		B5B114171BA5A7EA00257C49 /* Info.plist */ = {isa = PBXFileReference; lastKnownFileType = text.plist.xml; path = Info.plist; sourceTree = "<group>"; };
		B5B114181BA5A7EA00257C49 /* AppDelegate.swift */ = {isa = PBXFileReference; lastKnownFileType = sourcecode.swift; path = AppDelegate.swift; sourceTree = "<group>"; };
		B5B1141A1BA5A7EA00257C49 /* ViewController.swift */ = {isa = PBXFileReference; lastKnownFileType = sourcecode.swift; path = ViewController.swift; sourceTree = "<group>"; };
		B5B1141D1BA5A7EA00257C49 /* Base */ = {isa = PBXFileReference; lastKnownFileType = file.storyboard; name = Base; path = Base.lproj/Main.storyboard; sourceTree = "<group>"; };
		B5B1141F1BA5A7EA00257C49 /* Images.xcassets */ = {isa = PBXFileReference; lastKnownFileType = folder.assetcatalog; path = Images.xcassets; sourceTree = "<group>"; };
		B5B114221BA5A7EA00257C49 /* Base */ = {isa = PBXFileReference; lastKnownFileType = file.xib; name = Base; path = Base.lproj/LaunchScreen.xib; sourceTree = "<group>"; };
		B5B1143A1BA5A80700257C49 /* module 03.app */ = {isa = PBXFileReference; explicitFileType = wrapper.application; includeInIndex = 0; path = "module 03.app"; sourceTree = BUILT_PRODUCTS_DIR; };
		B5B1143D1BA5A80700257C49 /* Info.plist */ = {isa = PBXFileReference; lastKnownFileType = text.plist.xml; path = Info.plist; sourceTree = "<group>"; };
		B5B1143E1BA5A80700257C49 /* AppDelegate.swift */ = {isa = PBXFileReference; lastKnownFileType = sourcecode.swift; path = AppDelegate.swift; sourceTree = "<group>"; };
		B5B114401BA5A80700257C49 /* ViewController.swift */ = {isa = PBXFileReference; lastKnownFileType = sourcecode.swift; path = ViewController.swift; sourceTree = "<group>"; };
		B5B114431BA5A80700257C49 /* Base */ = {isa = PBXFileReference; lastKnownFileType = file.storyboard; name = Base; path = Base.lproj/Main.storyboard; sourceTree = "<group>"; };
		B5B114451BA5A80700257C49 /* Images.xcassets */ = {isa = PBXFileReference; lastKnownFileType = folder.assetcatalog; path = Images.xcassets; sourceTree = "<group>"; };
		B5B114481BA5A80700257C49 /* Base */ = {isa = PBXFileReference; lastKnownFileType = file.xib; name = Base; path = Base.lproj/LaunchScreen.xib; sourceTree = "<group>"; };
		B5B114601BA5A82300257C49 /* module 04.app */ = {isa = PBXFileReference; explicitFileType = wrapper.application; includeInIndex = 0; path = "module 04.app"; sourceTree = BUILT_PRODUCTS_DIR; };
		B5B114631BA5A82300257C49 /* Info.plist */ = {isa = PBXFileReference; lastKnownFileType = text.plist.xml; path = Info.plist; sourceTree = "<group>"; };
		B5B114641BA5A82300257C49 /* AppDelegate.swift */ = {isa = PBXFileReference; lastKnownFileType = sourcecode.swift; path = AppDelegate.swift; sourceTree = "<group>"; };
		B5B114661BA5A82300257C49 /* ViewController.swift */ = {isa = PBXFileReference; lastKnownFileType = sourcecode.swift; path = ViewController.swift; sourceTree = "<group>"; };
		B5B114691BA5A82300257C49 /* Base */ = {isa = PBXFileReference; lastKnownFileType = file.storyboard; name = Base; path = Base.lproj/Main.storyboard; sourceTree = "<group>"; };
		B5B1146B1BA5A82300257C49 /* Images.xcassets */ = {isa = PBXFileReference; lastKnownFileType = folder.assetcatalog; path = Images.xcassets; sourceTree = "<group>"; };
		B5B1146E1BA5A82300257C49 /* Base */ = {isa = PBXFileReference; lastKnownFileType = file.xib; name = Base; path = Base.lproj/LaunchScreen.xib; sourceTree = "<group>"; };
		B5B114861BA5A85B00257C49 /* module 01.solution.app */ = {isa = PBXFileReference; explicitFileType = wrapper.application; includeInIndex = 0; path = "module 01.solution.app"; sourceTree = BUILT_PRODUCTS_DIR; };
		B5B114891BA5A85B00257C49 /* Info.plist */ = {isa = PBXFileReference; lastKnownFileType = text.plist.xml; path = Info.plist; sourceTree = "<group>"; };
		B5B1148A1BA5A85B00257C49 /* AppDelegate.swift */ = {isa = PBXFileReference; lastKnownFileType = sourcecode.swift; path = AppDelegate.swift; sourceTree = "<group>"; };
		B5B1148C1BA5A85B00257C49 /* ViewController.swift */ = {isa = PBXFileReference; lastKnownFileType = sourcecode.swift; path = ViewController.swift; sourceTree = "<group>"; };
		B5B1148F1BA5A85B00257C49 /* Base */ = {isa = PBXFileReference; lastKnownFileType = file.storyboard; name = Base; path = Base.lproj/Main.storyboard; sourceTree = "<group>"; };
		B5B114911BA5A85B00257C49 /* Images.xcassets */ = {isa = PBXFileReference; lastKnownFileType = folder.assetcatalog; path = Images.xcassets; sourceTree = "<group>"; };
		B5B114941BA5A85B00257C49 /* Base */ = {isa = PBXFileReference; lastKnownFileType = file.xib; name = Base; path = Base.lproj/LaunchScreen.xib; sourceTree = "<group>"; };
		B5B114AC1BA5A87B00257C49 /* module 02.solution.app */ = {isa = PBXFileReference; explicitFileType = wrapper.application; includeInIndex = 0; path = "module 02.solution.app"; sourceTree = BUILT_PRODUCTS_DIR; };
		B5B114AF1BA5A87B00257C49 /* Info.plist */ = {isa = PBXFileReference; lastKnownFileType = text.plist.xml; path = Info.plist; sourceTree = "<group>"; };
		B5B114B01BA5A87B00257C49 /* AppDelegate.swift */ = {isa = PBXFileReference; lastKnownFileType = sourcecode.swift; path = AppDelegate.swift; sourceTree = "<group>"; };
		B5B114B21BA5A87B00257C49 /* ViewController.swift */ = {isa = PBXFileReference; lastKnownFileType = sourcecode.swift; path = ViewController.swift; sourceTree = "<group>"; };
		B5B114B51BA5A87B00257C49 /* Base */ = {isa = PBXFileReference; lastKnownFileType = file.storyboard; name = Base; path = Base.lproj/Main.storyboard; sourceTree = "<group>"; };
		B5B114B71BA5A87B00257C49 /* Images.xcassets */ = {isa = PBXFileReference; lastKnownFileType = folder.assetcatalog; path = Images.xcassets; sourceTree = "<group>"; };
		B5B114BA1BA5A87B00257C49 /* Base */ = {isa = PBXFileReference; lastKnownFileType = file.xib; name = Base; path = Base.lproj/LaunchScreen.xib; sourceTree = "<group>"; };
		B5B114D21BA5A90A00257C49 /* module 03.solution.app */ = {isa = PBXFileReference; explicitFileType = wrapper.application; includeInIndex = 0; path = "module 03.solution.app"; sourceTree = BUILT_PRODUCTS_DIR; };
		B5B114D51BA5A90A00257C49 /* Info.plist */ = {isa = PBXFileReference; lastKnownFileType = text.plist.xml; path = Info.plist; sourceTree = "<group>"; };
		B5B114D61BA5A90A00257C49 /* AppDelegate.swift */ = {isa = PBXFileReference; lastKnownFileType = sourcecode.swift; path = AppDelegate.swift; sourceTree = "<group>"; };
		B5B114D81BA5A90A00257C49 /* ViewController.swift */ = {isa = PBXFileReference; lastKnownFileType = sourcecode.swift; path = ViewController.swift; sourceTree = "<group>"; };
		B5B114DB1BA5A90A00257C49 /* Base */ = {isa = PBXFileReference; lastKnownFileType = file.storyboard; name = Base; path = Base.lproj/Main.storyboard; sourceTree = "<group>"; };
		B5B114DD1BA5A90A00257C49 /* Images.xcassets */ = {isa = PBXFileReference; lastKnownFileType = folder.assetcatalog; path = Images.xcassets; sourceTree = "<group>"; };
		B5B114E01BA5A90A00257C49 /* Base */ = {isa = PBXFileReference; lastKnownFileType = file.xib; name = Base; path = Base.lproj/LaunchScreen.xib; sourceTree = "<group>"; };
		B5B114F81BA5A92F00257C49 /* module 04.solution.app */ = {isa = PBXFileReference; explicitFileType = wrapper.application; includeInIndex = 0; path = "module 04.solution.app"; sourceTree = BUILT_PRODUCTS_DIR; };
		B5B114FB1BA5A92F00257C49 /* Info.plist */ = {isa = PBXFileReference; lastKnownFileType = text.plist.xml; path = Info.plist; sourceTree = "<group>"; };
		B5B114FC1BA5A92F00257C49 /* AppDelegate.swift */ = {isa = PBXFileReference; lastKnownFileType = sourcecode.swift; path = AppDelegate.swift; sourceTree = "<group>"; };
		B5B114FE1BA5A92F00257C49 /* ViewController.swift */ = {isa = PBXFileReference; lastKnownFileType = sourcecode.swift; path = ViewController.swift; sourceTree = "<group>"; };
		B5B115011BA5A92F00257C49 /* Base */ = {isa = PBXFileReference; lastKnownFileType = file.storyboard; name = Base; path = Base.lproj/Main.storyboard; sourceTree = "<group>"; };
		B5B115031BA5A92F00257C49 /* Images.xcassets */ = {isa = PBXFileReference; lastKnownFileType = folder.assetcatalog; path = Images.xcassets; sourceTree = "<group>"; };
		B5B115061BA5A92F00257C49 /* Base */ = {isa = PBXFileReference; lastKnownFileType = file.xib; name = Base; path = Base.lproj/LaunchScreen.xib; sourceTree = "<group>"; };
/* End PBXFileReference section */

/* Begin PBXFrameworksBuildPhase section */
		B5B113BE1BA5A67A00257C49 /* Frameworks */ = {
			isa = PBXFrameworksBuildPhase;
			buildActionMask = 2147483647;
			files = (
			);
			runOnlyForDeploymentPostprocessing = 0;
		};
		B5B113D31BA5A67A00257C49 /* Frameworks */ = {
			isa = PBXFrameworksBuildPhase;
			buildActionMask = 2147483647;
			files = (
			);
			runOnlyForDeploymentPostprocessing = 0;
		};
		B5B113EB1BA5A7C100257C49 /* Frameworks */ = {
			isa = PBXFrameworksBuildPhase;
			buildActionMask = 2147483647;
			files = (
			);
			runOnlyForDeploymentPostprocessing = 0;
		};
		B5B114111BA5A7EA00257C49 /* Frameworks */ = {
			isa = PBXFrameworksBuildPhase;
			buildActionMask = 2147483647;
			files = (
			);
			runOnlyForDeploymentPostprocessing = 0;
		};
		B5B114371BA5A80700257C49 /* Frameworks */ = {
			isa = PBXFrameworksBuildPhase;
			buildActionMask = 2147483647;
			files = (
			);
			runOnlyForDeploymentPostprocessing = 0;
		};
		B5B1145D1BA5A82300257C49 /* Frameworks */ = {
			isa = PBXFrameworksBuildPhase;
			buildActionMask = 2147483647;
			files = (
			);
			runOnlyForDeploymentPostprocessing = 0;
		};
		B5B114831BA5A85B00257C49 /* Frameworks */ = {
			isa = PBXFrameworksBuildPhase;
			buildActionMask = 2147483647;
			files = (
			);
			runOnlyForDeploymentPostprocessing = 0;
		};
		B5B114A91BA5A87B00257C49 /* Frameworks */ = {
			isa = PBXFrameworksBuildPhase;
			buildActionMask = 2147483647;
			files = (
			);
			runOnlyForDeploymentPostprocessing = 0;
		};
		B5B114CF1BA5A90A00257C49 /* Frameworks */ = {
			isa = PBXFrameworksBuildPhase;
			buildActionMask = 2147483647;
			files = (
			);
			runOnlyForDeploymentPostprocessing = 0;
		};
		B5B114F51BA5A92F00257C49 /* Frameworks */ = {
			isa = PBXFrameworksBuildPhase;
			buildActionMask = 2147483647;
			files = (
			);
			runOnlyForDeploymentPostprocessing = 0;
		};
/* End PBXFrameworksBuildPhase section */

/* Begin PBXGroup section */
		B5B113B81BA5A67A00257C49 = {
			isa = PBXGroup;
			children = (
				B5B113E81BA5A72900257C49 /* Départs */,
				B5B113E91BA5A74000257C49 /* Solutions */,
				B5B113E61BA5A70E00257C49 /* Ressources */,
				B5B113C21BA5A67A00257C49 /* Products */,
			);
			sourceTree = "<group>";
		};
		B5B113C21BA5A67A00257C49 /* Products */ = {
			isa = PBXGroup;
			children = (
				B5B113C11BA5A67A00257C49 /* Introduction aux storyboards.app */,
				B5B113D61BA5A67A00257C49 /* Introduction aux storyboardsTests.xctest */,
				B5B113EE1BA5A7C100257C49 /* module 01.app */,
				B5B114141BA5A7EA00257C49 /* module 02.app */,
				B5B1143A1BA5A80700257C49 /* module 03.app */,
				B5B114601BA5A82300257C49 /* module 04.app */,
				B5B114861BA5A85B00257C49 /* module 01.solution.app */,
				B5B114AC1BA5A87B00257C49 /* module 02.solution.app */,
				B5B114D21BA5A90A00257C49 /* module 03.solution.app */,
				B5B114F81BA5A92F00257C49 /* module 04.solution.app */,
			);
			name = Products;
			sourceTree = "<group>";
		};
		B5B113C31BA5A67A00257C49 /* Introduction aux storyboards */ = {
			isa = PBXGroup;
			children = (
				B5B113C61BA5A67A00257C49 /* AppDelegate.swift */,
				B5B113C81BA5A67A00257C49 /* ViewController.swift */,
				B5B113CA1BA5A67A00257C49 /* Main.storyboard */,
				B5B113CD1BA5A67A00257C49 /* Images.xcassets */,
				B5B113CF1BA5A67A00257C49 /* LaunchScreen.xib */,
				B5B113C41BA5A67A00257C49 /* Supporting Files */,
			);
			path = "Introduction aux storyboards";
			sourceTree = "<group>";
		};
		B5B113C41BA5A67A00257C49 /* Supporting Files */ = {
			isa = PBXGroup;
			children = (
				B5B113C51BA5A67A00257C49 /* Info.plist */,
			);
			name = "Supporting Files";
			sourceTree = "<group>";
		};
		B5B113E61BA5A70E00257C49 /* Ressources */ = {
			isa = PBXGroup;
			children = (
				B5B113E71BA5A71B00257C49 /* Images */,
				B5B113C31BA5A67A00257C49 /* Introduction aux storyboards */,
			);
			name = Ressources;
			sourceTree = "<group>";
		};
		B5B113E71BA5A71B00257C49 /* Images */ = {
			isa = PBXGroup;
			children = (
			);
			name = Images;
			sourceTree = "<group>";
		};
		B5B113E81BA5A72900257C49 /* Départs */ = {
			isa = PBXGroup;
			children = (
				B5B113EF1BA5A7C100257C49 /* module 01 */,
				B5B114151BA5A7EA00257C49 /* module 02 */,
				B5B1143B1BA5A80700257C49 /* module 03 */,
				B5B114611BA5A82300257C49 /* module 04 */,
			);
			name = "Départs";
			sourceTree = "<group>";
		};
		B5B113E91BA5A74000257C49 /* Solutions */ = {
			isa = PBXGroup;
			children = (
				B5B114871BA5A85B00257C49 /* module 01.solution */,
				B5B114AD1BA5A87B00257C49 /* module 02.solution */,
				B5B114D31BA5A90A00257C49 /* module 03.solution */,
				B5B114F91BA5A92F00257C49 /* module 04.solution */,
			);
			name = Solutions;
			sourceTree = "<group>";
		};
		B5B113EF1BA5A7C100257C49 /* module 01 */ = {
			isa = PBXGroup;
			children = (
				B5B113F21BA5A7C100257C49 /* AppDelegate.swift */,
				B5B113F41BA5A7C100257C49 /* ViewController.swift */,
				B5B113F61BA5A7C100257C49 /* Main.storyboard */,
				B5B113F91BA5A7C100257C49 /* Images.xcassets */,
				B5B113FB1BA5A7C100257C49 /* LaunchScreen.xib */,
				B5B113F01BA5A7C100257C49 /* Supporting Files */,
			);
			path = "module 01";
			sourceTree = "<group>";
		};
		B5B113F01BA5A7C100257C49 /* Supporting Files */ = {
			isa = PBXGroup;
			children = (
				B5B113F11BA5A7C100257C49 /* Info.plist */,
			);
			name = "Supporting Files";
			sourceTree = "<group>";
		};
		B5B114151BA5A7EA00257C49 /* module 02 */ = {
			isa = PBXGroup;
			children = (
				B5B114181BA5A7EA00257C49 /* AppDelegate.swift */,
				B5B1141A1BA5A7EA00257C49 /* ViewController.swift */,
				B5B1141C1BA5A7EA00257C49 /* Main.storyboard */,
				B5B1141F1BA5A7EA00257C49 /* Images.xcassets */,
				B5B114211BA5A7EA00257C49 /* LaunchScreen.xib */,
				B5B114161BA5A7EA00257C49 /* Supporting Files */,
			);
			path = "module 02";
			sourceTree = "<group>";
		};
		B5B114161BA5A7EA00257C49 /* Supporting Files */ = {
			isa = PBXGroup;
			children = (
				B5B114171BA5A7EA00257C49 /* Info.plist */,
			);
			name = "Supporting Files";
			sourceTree = "<group>";
		};
		B5B1143B1BA5A80700257C49 /* module 03 */ = {
			isa = PBXGroup;
			children = (
				B5B1143E1BA5A80700257C49 /* AppDelegate.swift */,
				B5B114401BA5A80700257C49 /* ViewController.swift */,
				B5B114421BA5A80700257C49 /* Main.storyboard */,
				B5B114451BA5A80700257C49 /* Images.xcassets */,
				B5B114471BA5A80700257C49 /* LaunchScreen.xib */,
				B5B1143C1BA5A80700257C49 /* Supporting Files */,
			);
			path = "module 03";
			sourceTree = "<group>";
		};
		B5B1143C1BA5A80700257C49 /* Supporting Files */ = {
			isa = PBXGroup;
			children = (
				B5B1143D1BA5A80700257C49 /* Info.plist */,
			);
			name = "Supporting Files";
			sourceTree = "<group>";
		};
		B5B114611BA5A82300257C49 /* module 04 */ = {
			isa = PBXGroup;
			children = (
				B5B114641BA5A82300257C49 /* AppDelegate.swift */,
				B5B114661BA5A82300257C49 /* ViewController.swift */,
				B5B114681BA5A82300257C49 /* Main.storyboard */,
				B5B1146B1BA5A82300257C49 /* Images.xcassets */,
				B5B1146D1BA5A82300257C49 /* LaunchScreen.xib */,
				B5B114621BA5A82300257C49 /* Supporting Files */,
			);
			path = "module 04";
			sourceTree = "<group>";
		};
		B5B114621BA5A82300257C49 /* Supporting Files */ = {
			isa = PBXGroup;
			children = (
				B5B114631BA5A82300257C49 /* Info.plist */,
			);
			name = "Supporting Files";
			sourceTree = "<group>";
		};
		B5B114871BA5A85B00257C49 /* module 01.solution */ = {
			isa = PBXGroup;
			children = (
				B5B1148A1BA5A85B00257C49 /* AppDelegate.swift */,
				B5B1148C1BA5A85B00257C49 /* ViewController.swift */,
				B5B1148E1BA5A85B00257C49 /* Main.storyboard */,
				B5B114911BA5A85B00257C49 /* Images.xcassets */,
				B5B114931BA5A85B00257C49 /* LaunchScreen.xib */,
				B5B114881BA5A85B00257C49 /* Supporting Files */,
			);
			path = "module 01.solution";
			sourceTree = "<group>";
		};
		B5B114881BA5A85B00257C49 /* Supporting Files */ = {
			isa = PBXGroup;
			children = (
				B5B114891BA5A85B00257C49 /* Info.plist */,
			);
			name = "Supporting Files";
			sourceTree = "<group>";
		};
		B5B114AD1BA5A87B00257C49 /* module 02.solution */ = {
			isa = PBXGroup;
			children = (
				B5B114B01BA5A87B00257C49 /* AppDelegate.swift */,
				B5B114B21BA5A87B00257C49 /* ViewController.swift */,
				B5B114B41BA5A87B00257C49 /* Main.storyboard */,
				B5B114B71BA5A87B00257C49 /* Images.xcassets */,
				B5B114B91BA5A87B00257C49 /* LaunchScreen.xib */,
				B5B114AE1BA5A87B00257C49 /* Supporting Files */,
			);
			path = "module 02.solution";
			sourceTree = "<group>";
		};
		B5B114AE1BA5A87B00257C49 /* Supporting Files */ = {
			isa = PBXGroup;
			children = (
				B5B114AF1BA5A87B00257C49 /* Info.plist */,
			);
			name = "Supporting Files";
			sourceTree = "<group>";
		};
		B5B114D31BA5A90A00257C49 /* module 03.solution */ = {
			isa = PBXGroup;
			children = (
				B5B114D61BA5A90A00257C49 /* AppDelegate.swift */,
				B5B114D81BA5A90A00257C49 /* ViewController.swift */,
				B5B114DA1BA5A90A00257C49 /* Main.storyboard */,
				B5B114DD1BA5A90A00257C49 /* Images.xcassets */,
				B5B114DF1BA5A90A00257C49 /* LaunchScreen.xib */,
				B5B114D41BA5A90A00257C49 /* Supporting Files */,
			);
			path = "module 03.solution";
			sourceTree = "<group>";
		};
		B5B114D41BA5A90A00257C49 /* Supporting Files */ = {
			isa = PBXGroup;
			children = (
				B5B114D51BA5A90A00257C49 /* Info.plist */,
			);
			name = "Supporting Files";
			sourceTree = "<group>";
		};
		B5B114F91BA5A92F00257C49 /* module 04.solution */ = {
			isa = PBXGroup;
			children = (
				B5B114FC1BA5A92F00257C49 /* AppDelegate.swift */,
				B5B114FE1BA5A92F00257C49 /* ViewController.swift */,
				B5B115001BA5A92F00257C49 /* Main.storyboard */,
				B5B115031BA5A92F00257C49 /* Images.xcassets */,
				B5B115051BA5A92F00257C49 /* LaunchScreen.xib */,
				B5B114FA1BA5A92F00257C49 /* Supporting Files */,
			);
			path = "module 04.solution";
			sourceTree = "<group>";
		};
		B5B114FA1BA5A92F00257C49 /* Supporting Files */ = {
			isa = PBXGroup;
			children = (
				B5B114FB1BA5A92F00257C49 /* Info.plist */,
			);
			name = "Supporting Files";
			sourceTree = "<group>";
		};
/* End PBXGroup section */

/* Begin PBXNativeTarget section */
		B5B113C01BA5A67A00257C49 /* Introduction aux storyboards */ = {
			isa = PBXNativeTarget;
			buildConfigurationList = B5B113E01BA5A67A00257C49 /* Build configuration list for PBXNativeTarget "Introduction aux storyboards" */;
			buildPhases = (
				B5B113BD1BA5A67A00257C49 /* Sources */,
				B5B113BE1BA5A67A00257C49 /* Frameworks */,
				B5B113BF1BA5A67A00257C49 /* Resources */,
			);
			buildRules = (
			);
			dependencies = (
			);
			name = "Introduction aux storyboards";
			productName = "Introduction aux storyboards";
			productReference = B5B113C11BA5A67A00257C49 /* Introduction aux storyboards.app */;
			productType = "com.apple.product-type.application";
		};
		B5B113D51BA5A67A00257C49 /* Introduction aux storyboardsTests */ = {
			isa = PBXNativeTarget;
			buildConfigurationList = B5B113E31BA5A67A00257C49 /* Build configuration list for PBXNativeTarget "Introduction aux storyboardsTests" */;
			buildPhases = (
				B5B113D21BA5A67A00257C49 /* Sources */,
				B5B113D31BA5A67A00257C49 /* Frameworks */,
				B5B113D41BA5A67A00257C49 /* Resources */,
			);
			buildRules = (
			);
			dependencies = (
				B5B113D81BA5A67A00257C49 /* PBXTargetDependency */,
			);
			name = "Introduction aux storyboardsTests";
			productName = "Introduction aux storyboardsTests";
			productReference = B5B113D61BA5A67A00257C49 /* Introduction aux storyboardsTests.xctest */;
			productType = "com.apple.product-type.bundle.unit-test";
		};
		B5B113ED1BA5A7C100257C49 /* module 01 */ = {
			isa = PBXNativeTarget;
			buildConfigurationList = B5B1140A1BA5A7C100257C49 /* Build configuration list for PBXNativeTarget "module 01" */;
			buildPhases = (
				B5B113EA1BA5A7C100257C49 /* Sources */,
				B5B113EB1BA5A7C100257C49 /* Frameworks */,
				B5B113EC1BA5A7C100257C49 /* Resources */,
			);
			buildRules = (
			);
			dependencies = (
			);
			name = "module 01";
			productName = "module 01";
			productReference = B5B113EE1BA5A7C100257C49 /* module 01.app */;
			productType = "com.apple.product-type.application";
		};
		B5B114131BA5A7EA00257C49 /* module 02 */ = {
			isa = PBXNativeTarget;
			buildConfigurationList = B5B114301BA5A7EA00257C49 /* Build configuration list for PBXNativeTarget "module 02" */;
			buildPhases = (
				B5B114101BA5A7EA00257C49 /* Sources */,
				B5B114111BA5A7EA00257C49 /* Frameworks */,
				B5B114121BA5A7EA00257C49 /* Resources */,
			);
			buildRules = (
			);
			dependencies = (
			);
			name = "module 02";
			productName = "module 02";
			productReference = B5B114141BA5A7EA00257C49 /* module 02.app */;
			productType = "com.apple.product-type.application";
		};
		B5B114391BA5A80700257C49 /* module 03 */ = {
			isa = PBXNativeTarget;
			buildConfigurationList = B5B114561BA5A80800257C49 /* Build configuration list for PBXNativeTarget "module 03" */;
			buildPhases = (
				B5B114361BA5A80700257C49 /* Sources */,
				B5B114371BA5A80700257C49 /* Frameworks */,
				B5B114381BA5A80700257C49 /* Resources */,
			);
			buildRules = (
			);
			dependencies = (
			);
			name = "module 03";
			productName = "module 03";
			productReference = B5B1143A1BA5A80700257C49 /* module 03.app */;
			productType = "com.apple.product-type.application";
		};
		B5B1145F1BA5A82300257C49 /* module 04 */ = {
			isa = PBXNativeTarget;
			buildConfigurationList = B5B1147C1BA5A82300257C49 /* Build configuration list for PBXNativeTarget "module 04" */;
			buildPhases = (
				B5B1145C1BA5A82300257C49 /* Sources */,
				B5B1145D1BA5A82300257C49 /* Frameworks */,
				B5B1145E1BA5A82300257C49 /* Resources */,
			);
			buildRules = (
			);
			dependencies = (
			);
			name = "module 04";
			productName = "module 04";
			productReference = B5B114601BA5A82300257C49 /* module 04.app */;
			productType = "com.apple.product-type.application";
		};
		B5B114851BA5A85B00257C49 /* module 01.solution */ = {
			isa = PBXNativeTarget;
			buildConfigurationList = B5B114A21BA5A85B00257C49 /* Build configuration list for PBXNativeTarget "module 01.solution" */;
			buildPhases = (
				B5B114821BA5A85B00257C49 /* Sources */,
				B5B114831BA5A85B00257C49 /* Frameworks */,
				B5B114841BA5A85B00257C49 /* Resources */,
			);
			buildRules = (
			);
			dependencies = (
			);
			name = "module 01.solution";
			productName = "module 01.solution";
			productReference = B5B114861BA5A85B00257C49 /* module 01.solution.app */;
			productType = "com.apple.product-type.application";
		};
		B5B114AB1BA5A87B00257C49 /* module 02.solution */ = {
			isa = PBXNativeTarget;
			buildConfigurationList = B5B114C81BA5A87B00257C49 /* Build configuration list for PBXNativeTarget "module 02.solution" */;
			buildPhases = (
				B5B114A81BA5A87B00257C49 /* Sources */,
				B5B114A91BA5A87B00257C49 /* Frameworks */,
				B5B114AA1BA5A87B00257C49 /* Resources */,
			);
			buildRules = (
			);
			dependencies = (
			);
			name = "module 02.solution";
			productName = "module 02.solution";
			productReference = B5B114AC1BA5A87B00257C49 /* module 02.solution.app */;
			productType = "com.apple.product-type.application";
		};
		B5B114D11BA5A90A00257C49 /* module 03.solution */ = {
			isa = PBXNativeTarget;
			buildConfigurationList = B5B114EE1BA5A90A00257C49 /* Build configuration list for PBXNativeTarget "module 03.solution" */;
			buildPhases = (
				B5B114CE1BA5A90A00257C49 /* Sources */,
				B5B114CF1BA5A90A00257C49 /* Frameworks */,
				B5B114D01BA5A90A00257C49 /* Resources */,
			);
			buildRules = (
			);
			dependencies = (
			);
			name = "module 03.solution";
			productName = "module 03.solution";
			productReference = B5B114D21BA5A90A00257C49 /* module 03.solution.app */;
			productType = "com.apple.product-type.application";
		};
		B5B114F71BA5A92F00257C49 /* module 04.solution */ = {
			isa = PBXNativeTarget;
			buildConfigurationList = B5B115141BA5A92F00257C49 /* Build configuration list for PBXNativeTarget "module 04.solution" */;
			buildPhases = (
				B5B114F41BA5A92F00257C49 /* Sources */,
				B5B114F51BA5A92F00257C49 /* Frameworks */,
				B5B114F61BA5A92F00257C49 /* Resources */,
			);
			buildRules = (
			);
			dependencies = (
			);
			name = "module 04.solution";
			productName = "module 04.solution";
			productReference = B5B114F81BA5A92F00257C49 /* module 04.solution.app */;
			productType = "com.apple.product-type.application";
		};
/* End PBXNativeTarget section */

/* Begin PBXProject section */
		B5B113B91BA5A67A00257C49 /* Project object */ = {
			isa = PBXProject;
			attributes = {
				LastUpgradeCheck = 0640;
				ORGANIZATIONNAME = "Production sur support";
				TargetAttributes = {
					B5B113C01BA5A67A00257C49 = {
						CreatedOnToolsVersion = 6.4;
					};
					B5B113D51BA5A67A00257C49 = {
						CreatedOnToolsVersion = 6.4;
						TestTargetID = B5B113C01BA5A67A00257C49;
					};
					B5B113ED1BA5A7C100257C49 = {
						CreatedOnToolsVersion = 6.4;
					};
					B5B114131BA5A7EA00257C49 = {
						CreatedOnToolsVersion = 6.4;
					};
					B5B114391BA5A80700257C49 = {
						CreatedOnToolsVersion = 6.4;
					};
					B5B1145F1BA5A82300257C49 = {
						CreatedOnToolsVersion = 6.4;
					};
					B5B114851BA5A85B00257C49 = {
						CreatedOnToolsVersion = 6.4;
					};
					B5B114AB1BA5A87B00257C49 = {
						CreatedOnToolsVersion = 6.4;
					};
					B5B114D11BA5A90A00257C49 = {
						CreatedOnToolsVersion = 6.4;
					};
					B5B114F71BA5A92F00257C49 = {
						CreatedOnToolsVersion = 6.4;
					};
				};
			};
			buildConfigurationList = B5B113BC1BA5A67A00257C49 /* Build configuration list for PBXProject "Introduction aux storyboards" */;
			compatibilityVersion = "Xcode 3.2";
			developmentRegion = English;
			hasScannedForEncodings = 0;
			knownRegions = (
				en,
				Base,
			);
			mainGroup = B5B113B81BA5A67A00257C49;
			productRefGroup = B5B113C21BA5A67A00257C49 /* Products */;
			projectDirPath = "";
			projectRoot = "";
			targets = (
				B5B113C01BA5A67A00257C49 /* Introduction aux storyboards */,
				B5B113D51BA5A67A00257C49 /* Introduction aux storyboardsTests */,
				B5B113ED1BA5A7C100257C49 /* module 01 */,
				B5B114131BA5A7EA00257C49 /* module 02 */,
				B5B114391BA5A80700257C49 /* module 03 */,
				B5B1145F1BA5A82300257C49 /* module 04 */,
				B5B114851BA5A85B00257C49 /* module 01.solution */,
				B5B114AB1BA5A87B00257C49 /* module 02.solution */,
				B5B114D11BA5A90A00257C49 /* module 03.solution */,
				B5B114F71BA5A92F00257C49 /* module 04.solution */,
			);
		};
/* End PBXProject section */

/* Begin PBXResourcesBuildPhase section */
		B5B113BF1BA5A67A00257C49 /* Resources */ = {
			isa = PBXResourcesBuildPhase;
			buildActionMask = 2147483647;
			files = (
				B5B113CC1BA5A67A00257C49 /* Main.storyboard in Resources */,
				B5B113D11BA5A67A00257C49 /* LaunchScreen.xib in Resources */,
				B5B113CE1BA5A67A00257C49 /* Images.xcassets in Resources */,
			);
			runOnlyForDeploymentPostprocessing = 0;
		};
		B5B113D41BA5A67A00257C49 /* Resources */ = {
			isa = PBXResourcesBuildPhase;
			buildActionMask = 2147483647;
			files = (
			);
			runOnlyForDeploymentPostprocessing = 0;
		};
		B5B113EC1BA5A7C100257C49 /* Resources */ = {
			isa = PBXResourcesBuildPhase;
			buildActionMask = 2147483647;
			files = (
				B5B113F81BA5A7C100257C49 /* Main.storyboard in Resources */,
				B5B113FD1BA5A7C100257C49 /* LaunchScreen.xib in Resources */,
				B5B113FA1BA5A7C100257C49 /* Images.xcassets in Resources */,
			);
			runOnlyForDeploymentPostprocessing = 0;
		};
		B5B114121BA5A7EA00257C49 /* Resources */ = {
			isa = PBXResourcesBuildPhase;
			buildActionMask = 2147483647;
			files = (
				B5B1141E1BA5A7EA00257C49 /* Main.storyboard in Resources */,
				B5B114231BA5A7EA00257C49 /* LaunchScreen.xib in Resources */,
				B5B114201BA5A7EA00257C49 /* Images.xcassets in Resources */,
			);
			runOnlyForDeploymentPostprocessing = 0;
		};
		B5B114381BA5A80700257C49 /* Resources */ = {
			isa = PBXResourcesBuildPhase;
			buildActionMask = 2147483647;
			files = (
				B5B114441BA5A80700257C49 /* Main.storyboard in Resources */,
				B5B114491BA5A80700257C49 /* LaunchScreen.xib in Resources */,
				B5B114461BA5A80700257C49 /* Images.xcassets in Resources */,
			);
			runOnlyForDeploymentPostprocessing = 0;
		};
		B5B1145E1BA5A82300257C49 /* Resources */ = {
			isa = PBXResourcesBuildPhase;
			buildActionMask = 2147483647;
			files = (
				B5B1146A1BA5A82300257C49 /* Main.storyboard in Resources */,
				B5B1146F1BA5A82300257C49 /* LaunchScreen.xib in Resources */,
				B5B1146C1BA5A82300257C49 /* Images.xcassets in Resources */,
			);
			runOnlyForDeploymentPostprocessing = 0;
		};
		B5B114841BA5A85B00257C49 /* Resources */ = {
			isa = PBXResourcesBuildPhase;
			buildActionMask = 2147483647;
			files = (
				B5B114901BA5A85B00257C49 /* Main.storyboard in Resources */,
				B5B114951BA5A85B00257C49 /* LaunchScreen.xib in Resources */,
				B5B114921BA5A85B00257C49 /* Images.xcassets in Resources */,
			);
			runOnlyForDeploymentPostprocessing = 0;
		};
		B5B114AA1BA5A87B00257C49 /* Resources */ = {
			isa = PBXResourcesBuildPhase;
			buildActionMask = 2147483647;
			files = (
				B5B114B61BA5A87B00257C49 /* Main.storyboard in Resources */,
				B5B114BB1BA5A87B00257C49 /* LaunchScreen.xib in Resources */,
				B5B114B81BA5A87B00257C49 /* Images.xcassets in Resources */,
			);
			runOnlyForDeploymentPostprocessing = 0;
		};
		B5B114D01BA5A90A00257C49 /* Resources */ = {
			isa = PBXResourcesBuildPhase;
			buildActionMask = 2147483647;
			files = (
				B5B114DC1BA5A90A00257C49 /* Main.storyboard in Resources */,
				B5B114E11BA5A90A00257C49 /* LaunchScreen.xib in Resources */,
				B5B114DE1BA5A90A00257C49 /* Images.xcassets in Resources */,
			);
			runOnlyForDeploymentPostprocessing = 0;
		};
		B5B114F61BA5A92F00257C49 /* Resources */ = {
			isa = PBXResourcesBuildPhase;
			buildActionMask = 2147483647;
			files = (
				B5B115021BA5A92F00257C49 /* Main.storyboard in Resources */,
				B5B115071BA5A92F00257C49 /* LaunchScreen.xib in Resources */,
				B5B115041BA5A92F00257C49 /* Images.xcassets in Resources */,
			);
			runOnlyForDeploymentPostprocessing = 0;
		};
/* End PBXResourcesBuildPhase section */

/* Begin PBXSourcesBuildPhase section */
		B5B113BD1BA5A67A00257C49 /* Sources */ = {
			isa = PBXSourcesBuildPhase;
			buildActionMask = 2147483647;
			files = (
				B5B113C91BA5A67A00257C49 /* ViewController.swift in Sources */,
				B5B113C71BA5A67A00257C49 /* AppDelegate.swift in Sources */,
			);
			runOnlyForDeploymentPostprocessing = 0;
		};
		B5B113D21BA5A67A00257C49 /* Sources */ = {
			isa = PBXSourcesBuildPhase;
			buildActionMask = 2147483647;
			files = (
			);
			runOnlyForDeploymentPostprocessing = 0;
		};
		B5B113EA1BA5A7C100257C49 /* Sources */ = {
			isa = PBXSourcesBuildPhase;
			buildActionMask = 2147483647;
			files = (
				B5B113F51BA5A7C100257C49 /* ViewController.swift in Sources */,
				B5B113F31BA5A7C100257C49 /* AppDelegate.swift in Sources */,
			);
			runOnlyForDeploymentPostprocessing = 0;
		};
		B5B114101BA5A7EA00257C49 /* Sources */ = {
			isa = PBXSourcesBuildPhase;
			buildActionMask = 2147483647;
			files = (
				B5B1141B1BA5A7EA00257C49 /* ViewController.swift in Sources */,
				B5B114191BA5A7EA00257C49 /* AppDelegate.swift in Sources */,
			);
			runOnlyForDeploymentPostprocessing = 0;
		};
		B5B114361BA5A80700257C49 /* Sources */ = {
			isa = PBXSourcesBuildPhase;
			buildActionMask = 2147483647;
			files = (
				B5B114411BA5A80700257C49 /* ViewController.swift in Sources */,
				B5B1143F1BA5A80700257C49 /* AppDelegate.swift in Sources */,
			);
			runOnlyForDeploymentPostprocessing = 0;
		};
		B5B1145C1BA5A82300257C49 /* Sources */ = {
			isa = PBXSourcesBuildPhase;
			buildActionMask = 2147483647;
			files = (
				B5B114671BA5A82300257C49 /* ViewController.swift in Sources */,
				B5B114651BA5A82300257C49 /* AppDelegate.swift in Sources */,
			);
			runOnlyForDeploymentPostprocessing = 0;
		};
		B5B114821BA5A85B00257C49 /* Sources */ = {
			isa = PBXSourcesBuildPhase;
			buildActionMask = 2147483647;
			files = (
				B5B1148D1BA5A85B00257C49 /* ViewController.swift in Sources */,
				B5B1148B1BA5A85B00257C49 /* AppDelegate.swift in Sources */,
			);
			runOnlyForDeploymentPostprocessing = 0;
		};
		B5B114A81BA5A87B00257C49 /* Sources */ = {
			isa = PBXSourcesBuildPhase;
			buildActionMask = 2147483647;
			files = (
				B5B114B31BA5A87B00257C49 /* ViewController.swift in Sources */,
				B5B114B11BA5A87B00257C49 /* AppDelegate.swift in Sources */,
			);
			runOnlyForDeploymentPostprocessing = 0;
		};
		B5B114CE1BA5A90A00257C49 /* Sources */ = {
			isa = PBXSourcesBuildPhase;
			buildActionMask = 2147483647;
			files = (
				B5B114D91BA5A90A00257C49 /* ViewController.swift in Sources */,
				B5B114D71BA5A90A00257C49 /* AppDelegate.swift in Sources */,
			);
			runOnlyForDeploymentPostprocessing = 0;
		};
		B5B114F41BA5A92F00257C49 /* Sources */ = {
			isa = PBXSourcesBuildPhase;
			buildActionMask = 2147483647;
			files = (
				B5B114FF1BA5A92F00257C49 /* ViewController.swift in Sources */,
				B5B114FD1BA5A92F00257C49 /* AppDelegate.swift in Sources */,
			);
			runOnlyForDeploymentPostprocessing = 0;
		};
/* End PBXSourcesBuildPhase section */

/* Begin PBXTargetDependency section */
		B5B113D81BA5A67A00257C49 /* PBXTargetDependency */ = {
			isa = PBXTargetDependency;
			target = B5B113C01BA5A67A00257C49 /* Introduction aux storyboards */;
			targetProxy = B5B113D71BA5A67A00257C49 /* PBXContainerItemProxy */;
		};
/* End PBXTargetDependency section */

/* Begin PBXVariantGroup section */
		B5B113CA1BA5A67A00257C49 /* Main.storyboard */ = {
			isa = PBXVariantGroup;
			children = (
				B5B113CB1BA5A67A00257C49 /* Base */,
			);
			name = Main.storyboard;
			sourceTree = "<group>";
		};
		B5B113CF1BA5A67A00257C49 /* LaunchScreen.xib */ = {
			isa = PBXVariantGroup;
			children = (
				B5B113D01BA5A67A00257C49 /* Base */,
			);
			name = LaunchScreen.xib;
			sourceTree = "<group>";
		};
		B5B113F61BA5A7C100257C49 /* Main.storyboard */ = {
			isa = PBXVariantGroup;
			children = (
				B5B113F71BA5A7C100257C49 /* Base */,
			);
			name = Main.storyboard;
			sourceTree = "<group>";
		};
		B5B113FB1BA5A7C100257C49 /* LaunchScreen.xib */ = {
			isa = PBXVariantGroup;
			children = (
				B5B113FC1BA5A7C100257C49 /* Base */,
			);
			name = LaunchScreen.xib;
			sourceTree = "<group>";
		};
		B5B1141C1BA5A7EA00257C49 /* Main.storyboard */ = {
			isa = PBXVariantGroup;
			children = (
				B5B1141D1BA5A7EA00257C49 /* Base */,
			);
			name = Main.storyboard;
			sourceTree = "<group>";
		};
		B5B114211BA5A7EA00257C49 /* LaunchScreen.xib */ = {
			isa = PBXVariantGroup;
			children = (
				B5B114221BA5A7EA00257C49 /* Base */,
			);
			name = LaunchScreen.xib;
			sourceTree = "<group>";
		};
		B5B114421BA5A80700257C49 /* Main.storyboard */ = {
			isa = PBXVariantGroup;
			children = (
				B5B114431BA5A80700257C49 /* Base */,
			);
			name = Main.storyboard;
			sourceTree = "<group>";
		};
		B5B114471BA5A80700257C49 /* LaunchScreen.xib */ = {
			isa = PBXVariantGroup;
			children = (
				B5B114481BA5A80700257C49 /* Base */,
			);
			name = LaunchScreen.xib;
			sourceTree = "<group>";
		};
		B5B114681BA5A82300257C49 /* Main.storyboard */ = {
			isa = PBXVariantGroup;
			children = (
				B5B114691BA5A82300257C49 /* Base */,
			);
			name = Main.storyboard;
			sourceTree = "<group>";
		};
		B5B1146D1BA5A82300257C49 /* LaunchScreen.xib */ = {
			isa = PBXVariantGroup;
			children = (
				B5B1146E1BA5A82300257C49 /* Base */,
			);
			name = LaunchScreen.xib;
			sourceTree = "<group>";
		};
		B5B1148E1BA5A85B00257C49 /* Main.storyboard */ = {
			isa = PBXVariantGroup;
			children = (
				B5B1148F1BA5A85B00257C49 /* Base */,
			);
			name = Main.storyboard;
			sourceTree = "<group>";
		};
		B5B114931BA5A85B00257C49 /* LaunchScreen.xib */ = {
			isa = PBXVariantGroup;
			children = (
				B5B114941BA5A85B00257C49 /* Base */,
			);
			name = LaunchScreen.xib;
			sourceTree = "<group>";
		};
		B5B114B41BA5A87B00257C49 /* Main.storyboard */ = {
			isa = PBXVariantGroup;
			children = (
				B5B114B51BA5A87B00257C49 /* Base */,
			);
			name = Main.storyboard;
			sourceTree = "<group>";
		};
		B5B114B91BA5A87B00257C49 /* LaunchScreen.xib */ = {
			isa = PBXVariantGroup;
			children = (
				B5B114BA1BA5A87B00257C49 /* Base */,
			);
			name = LaunchScreen.xib;
			sourceTree = "<group>";
		};
		B5B114DA1BA5A90A00257C49 /* Main.storyboard */ = {
			isa = PBXVariantGroup;
			children = (
				B5B114DB1BA5A90A00257C49 /* Base */,
			);
			name = Main.storyboard;
			sourceTree = "<group>";
		};
		B5B114DF1BA5A90A00257C49 /* LaunchScreen.xib */ = {
			isa = PBXVariantGroup;
			children = (
				B5B114E01BA5A90A00257C49 /* Base */,
			);
			name = LaunchScreen.xib;
			sourceTree = "<group>";
		};
		B5B115001BA5A92F00257C49 /* Main.storyboard */ = {
			isa = PBXVariantGroup;
			children = (
				B5B115011BA5A92F00257C49 /* Base */,
			);
			name = Main.storyboard;
			sourceTree = "<group>";
		};
		B5B115051BA5A92F00257C49 /* LaunchScreen.xib */ = {
			isa = PBXVariantGroup;
			children = (
				B5B115061BA5A92F00257C49 /* Base */,
			);
			name = LaunchScreen.xib;
			sourceTree = "<group>";
		};
/* End PBXVariantGroup section */

/* Begin XCBuildConfiguration section */
		B5B113DE1BA5A67A00257C49 /* Debug */ = {
			isa = XCBuildConfiguration;
			buildSettings = {
				ALWAYS_SEARCH_USER_PATHS = NO;
				CLANG_CXX_LANGUAGE_STANDARD = "gnu++0x";
				CLANG_CXX_LIBRARY = "libc++";
				CLANG_ENABLE_MODULES = YES;
				CLANG_ENABLE_OBJC_ARC = YES;
				CLANG_WARN_BOOL_CONVERSION = YES;
				CLANG_WARN_CONSTANT_CONVERSION = YES;
				CLANG_WARN_DIRECT_OBJC_ISA_USAGE = YES_ERROR;
				CLANG_WARN_EMPTY_BODY = YES;
				CLANG_WARN_ENUM_CONVERSION = YES;
				CLANG_WARN_INT_CONVERSION = YES;
				CLANG_WARN_OBJC_ROOT_CLASS = YES_ERROR;
				CLANG_WARN_UNREACHABLE_CODE = YES;
				CLANG_WARN__DUPLICATE_METHOD_MATCH = YES;
				"CODE_SIGN_IDENTITY[sdk=iphoneos*]" = "iPhone Developer";
				COPY_PHASE_STRIP = NO;
				DEBUG_INFORMATION_FORMAT = "dwarf-with-dsym";
				ENABLE_STRICT_OBJC_MSGSEND = YES;
				GCC_C_LANGUAGE_STANDARD = gnu99;
				GCC_DYNAMIC_NO_PIC = NO;
				GCC_NO_COMMON_BLOCKS = YES;
				GCC_OPTIMIZATION_LEVEL = 0;
				GCC_PREPROCESSOR_DEFINITIONS = (
					"DEBUG=1",
					"$(inherited)",
				);
				GCC_SYMBOLS_PRIVATE_EXTERN = NO;
				GCC_WARN_64_TO_32_BIT_CONVERSION = YES;
				GCC_WARN_ABOUT_RETURN_TYPE = YES_ERROR;
				GCC_WARN_UNDECLARED_SELECTOR = YES;
				GCC_WARN_UNINITIALIZED_AUTOS = YES_AGGRESSIVE;
				GCC_WARN_UNUSED_FUNCTION = YES;
				GCC_WARN_UNUSED_VARIABLE = YES;
				IPHONEOS_DEPLOYMENT_TARGET = 8.4;
				MTL_ENABLE_DEBUG_INFO = YES;
				ONLY_ACTIVE_ARCH = YES;
				SDKROOT = iphoneos;
				SWIFT_OPTIMIZATION_LEVEL = "-Onone";
			};
			name = Debug;
		};
		B5B113DF1BA5A67A00257C49 /* Release */ = {
			isa = XCBuildConfiguration;
			buildSettings = {
				ALWAYS_SEARCH_USER_PATHS = NO;
				CLANG_CXX_LANGUAGE_STANDARD = "gnu++0x";
				CLANG_CXX_LIBRARY = "libc++";
				CLANG_ENABLE_MODULES = YES;
				CLANG_ENABLE_OBJC_ARC = YES;
				CLANG_WARN_BOOL_CONVERSION = YES;
				CLANG_WARN_CONSTANT_CONVERSION = YES;
				CLANG_WARN_DIRECT_OBJC_ISA_USAGE = YES_ERROR;
				CLANG_WARN_EMPTY_BODY = YES;
				CLANG_WARN_ENUM_CONVERSION = YES;
				CLANG_WARN_INT_CONVERSION = YES;
				CLANG_WARN_OBJC_ROOT_CLASS = YES_ERROR;
				CLANG_WARN_UNREACHABLE_CODE = YES;
				CLANG_WARN__DUPLICATE_METHOD_MATCH = YES;
				"CODE_SIGN_IDENTITY[sdk=iphoneos*]" = "iPhone Developer";
				COPY_PHASE_STRIP = NO;
				DEBUG_INFORMATION_FORMAT = "dwarf-with-dsym";
				ENABLE_NS_ASSERTIONS = NO;
				ENABLE_STRICT_OBJC_MSGSEND = YES;
				GCC_C_LANGUAGE_STANDARD = gnu99;
				GCC_NO_COMMON_BLOCKS = YES;
				GCC_WARN_64_TO_32_BIT_CONVERSION = YES;
				GCC_WARN_ABOUT_RETURN_TYPE = YES_ERROR;
				GCC_WARN_UNDECLARED_SELECTOR = YES;
				GCC_WARN_UNINITIALIZED_AUTOS = YES_AGGRESSIVE;
				GCC_WARN_UNUSED_FUNCTION = YES;
				GCC_WARN_UNUSED_VARIABLE = YES;
				IPHONEOS_DEPLOYMENT_TARGET = 8.4;
				MTL_ENABLE_DEBUG_INFO = NO;
				SDKROOT = iphoneos;
				VALIDATE_PRODUCT = YES;
			};
			name = Release;
		};
		B5B113E11BA5A67A00257C49 /* Debug */ = {
			isa = XCBuildConfiguration;
			buildSettings = {
				ASSETCATALOG_COMPILER_APPICON_NAME = AppIcon;
				INFOPLIST_FILE = "Introduction aux storyboards/Info.plist";
				LD_RUNPATH_SEARCH_PATHS = "$(inherited) @executable_path/Frameworks";
				PRODUCT_NAME = "$(TARGET_NAME)";
			};
			name = Debug;
		};
		B5B113E21BA5A67A00257C49 /* Release */ = {
			isa = XCBuildConfiguration;
			buildSettings = {
				ASSETCATALOG_COMPILER_APPICON_NAME = AppIcon;
				INFOPLIST_FILE = "Introduction aux storyboards/Info.plist";
				LD_RUNPATH_SEARCH_PATHS = "$(inherited) @executable_path/Frameworks";
				PRODUCT_NAME = "$(TARGET_NAME)";
			};
			name = Release;
		};
		B5B113E41BA5A67A00257C49 /* Debug */ = {
			isa = XCBuildConfiguration;
			buildSettings = {
				BUNDLE_LOADER = "$(TEST_HOST)";
				FRAMEWORK_SEARCH_PATHS = (
					"$(SDKROOT)/Developer/Library/Frameworks",
					"$(inherited)",
				);
				GCC_PREPROCESSOR_DEFINITIONS = (
					"DEBUG=1",
					"$(inherited)",
				);
				INFOPLIST_FILE = "Introduction aux storyboardsTests/Info.plist";
				LD_RUNPATH_SEARCH_PATHS = "$(inherited) @executable_path/Frameworks @loader_path/Frameworks";
				PRODUCT_NAME = "$(TARGET_NAME)";
				TEST_HOST = "$(BUILT_PRODUCTS_DIR)/Introduction aux storyboards.app/Introduction aux storyboards";
			};
			name = Debug;
		};
		B5B113E51BA5A67A00257C49 /* Release */ = {
			isa = XCBuildConfiguration;
			buildSettings = {
				BUNDLE_LOADER = "$(TEST_HOST)";
				FRAMEWORK_SEARCH_PATHS = (
					"$(SDKROOT)/Developer/Library/Frameworks",
					"$(inherited)",
				);
				INFOPLIST_FILE = "Introduction aux storyboardsTests/Info.plist";
				LD_RUNPATH_SEARCH_PATHS = "$(inherited) @executable_path/Frameworks @loader_path/Frameworks";
				PRODUCT_NAME = "$(TARGET_NAME)";
				TEST_HOST = "$(BUILT_PRODUCTS_DIR)/Introduction aux storyboards.app/Introduction aux storyboards";
			};
			name = Release;
		};
		B5B1140B1BA5A7C100257C49 /* Debug */ = {
			isa = XCBuildConfiguration;
			buildSettings = {
				ASSETCATALOG_COMPILER_APPICON_NAME = AppIcon;
				GCC_PREPROCESSOR_DEFINITIONS = (
					"DEBUG=1",
					"$(inherited)",
				);
				INFOPLIST_FILE = "module 01/Info.plist";
				LD_RUNPATH_SEARCH_PATHS = "$(inherited) @executable_path/Frameworks";
				PRODUCT_NAME = "$(TARGET_NAME)";
			};
			name = Debug;
		};
		B5B1140C1BA5A7C100257C49 /* Release */ = {
			isa = XCBuildConfiguration;
			buildSettings = {
				ASSETCATALOG_COMPILER_APPICON_NAME = AppIcon;
				INFOPLIST_FILE = "module 01/Info.plist";
				LD_RUNPATH_SEARCH_PATHS = "$(inherited) @executable_path/Frameworks";
				PRODUCT_NAME = "$(TARGET_NAME)";
			};
			name = Release;
		};
		B5B114311BA5A7EA00257C49 /* Debug */ = {
			isa = XCBuildConfiguration;
			buildSettings = {
				ASSETCATALOG_COMPILER_APPICON_NAME = AppIcon;
				GCC_PREPROCESSOR_DEFINITIONS = (
					"DEBUG=1",
					"$(inherited)",
				);
				INFOPLIST_FILE = "module 02/Info.plist";
				LD_RUNPATH_SEARCH_PATHS = "$(inherited) @executable_path/Frameworks";
				PRODUCT_NAME = "$(TARGET_NAME)";
			};
			name = Debug;
		};
		B5B114321BA5A7EA00257C49 /* Release */ = {
			isa = XCBuildConfiguration;
			buildSettings = {
				ASSETCATALOG_COMPILER_APPICON_NAME = AppIcon;
				INFOPLIST_FILE = "module 02/Info.plist";
				LD_RUNPATH_SEARCH_PATHS = "$(inherited) @executable_path/Frameworks";
				PRODUCT_NAME = "$(TARGET_NAME)";
			};
			name = Release;
		};
		B5B114571BA5A80800257C49 /* Debug */ = {
			isa = XCBuildConfiguration;
			buildSettings = {
				ASSETCATALOG_COMPILER_APPICON_NAME = AppIcon;
				GCC_PREPROCESSOR_DEFINITIONS = (
					"DEBUG=1",
					"$(inherited)",
				);
				INFOPLIST_FILE = "module 03/Info.plist";
				LD_RUNPATH_SEARCH_PATHS = "$(inherited) @executable_path/Frameworks";
				PRODUCT_NAME = "$(TARGET_NAME)";
			};
			name = Debug;
		};
		B5B114581BA5A80800257C49 /* Release */ = {
			isa = XCBuildConfiguration;
			buildSettings = {
				ASSETCATALOG_COMPILER_APPICON_NAME = AppIcon;
				INFOPLIST_FILE = "module 03/Info.plist";
				LD_RUNPATH_SEARCH_PATHS = "$(inherited) @executable_path/Frameworks";
				PRODUCT_NAME = "$(TARGET_NAME)";
			};
			name = Release;
		};
		B5B1147D1BA5A82300257C49 /* Debug */ = {
			isa = XCBuildConfiguration;
			buildSettings = {
				ASSETCATALOG_COMPILER_APPICON_NAME = AppIcon;
				GCC_PREPROCESSOR_DEFINITIONS = (
					"DEBUG=1",
					"$(inherited)",
				);
				INFOPLIST_FILE = "module 04/Info.plist";
				LD_RUNPATH_SEARCH_PATHS = "$(inherited) @executable_path/Frameworks";
				PRODUCT_NAME = "$(TARGET_NAME)";
			};
			name = Debug;
		};
		B5B1147E1BA5A82300257C49 /* Release */ = {
			isa = XCBuildConfiguration;
			buildSettings = {
				ASSETCATALOG_COMPILER_APPICON_NAME = AppIcon;
				INFOPLIST_FILE = "module 04/Info.plist";
				LD_RUNPATH_SEARCH_PATHS = "$(inherited) @executable_path/Frameworks";
				PRODUCT_NAME = "$(TARGET_NAME)";
			};
			name = Release;
		};
		B5B114A31BA5A85B00257C49 /* Debug */ = {
			isa = XCBuildConfiguration;
			buildSettings = {
				ASSETCATALOG_COMPILER_APPICON_NAME = AppIcon;
				GCC_PREPROCESSOR_DEFINITIONS = (
					"DEBUG=1",
					"$(inherited)",
				);
				INFOPLIST_FILE = "module 01.solution/Info.plist";
				LD_RUNPATH_SEARCH_PATHS = "$(inherited) @executable_path/Frameworks";
				PRODUCT_NAME = "$(TARGET_NAME)";
			};
			name = Debug;
		};
		B5B114A41BA5A85B00257C49 /* Release */ = {
			isa = XCBuildConfiguration;
			buildSettings = {
				ASSETCATALOG_COMPILER_APPICON_NAME = AppIcon;
				INFOPLIST_FILE = "module 01.solution/Info.plist";
				LD_RUNPATH_SEARCH_PATHS = "$(inherited) @executable_path/Frameworks";
				PRODUCT_NAME = "$(TARGET_NAME)";
			};
			name = Release;
		};
		B5B114C91BA5A87B00257C49 /* Debug */ = {
			isa = XCBuildConfiguration;
			buildSettings = {
				ASSETCATALOG_COMPILER_APPICON_NAME = AppIcon;
				GCC_PREPROCESSOR_DEFINITIONS = (
					"DEBUG=1",
					"$(inherited)",
				);
				INFOPLIST_FILE = "module 02.solution/Info.plist";
				LD_RUNPATH_SEARCH_PATHS = "$(inherited) @executable_path/Frameworks";
				PRODUCT_NAME = "$(TARGET_NAME)";
			};
			name = Debug;
		};
		B5B114CA1BA5A87B00257C49 /* Release */ = {
			isa = XCBuildConfiguration;
			buildSettings = {
				ASSETCATALOG_COMPILER_APPICON_NAME = AppIcon;
				INFOPLIST_FILE = "module 02.solution/Info.plist";
				LD_RUNPATH_SEARCH_PATHS = "$(inherited) @executable_path/Frameworks";
				PRODUCT_NAME = "$(TARGET_NAME)";
			};
			name = Release;
		};
		B5B114EF1BA5A90A00257C49 /* Debug */ = {
			isa = XCBuildConfiguration;
			buildSettings = {
				ASSETCATALOG_COMPILER_APPICON_NAME = AppIcon;
				GCC_PREPROCESSOR_DEFINITIONS = (
					"DEBUG=1",
					"$(inherited)",
				);
				INFOPLIST_FILE = "module 03.solution/Info.plist";
				LD_RUNPATH_SEARCH_PATHS = "$(inherited) @executable_path/Frameworks";
				PRODUCT_NAME = "$(TARGET_NAME)";
			};
			name = Debug;
		};
		B5B114F01BA5A90A00257C49 /* Release */ = {
			isa = XCBuildConfiguration;
			buildSettings = {
				ASSETCATALOG_COMPILER_APPICON_NAME = AppIcon;
				INFOPLIST_FILE = "module 03.solution/Info.plist";
				LD_RUNPATH_SEARCH_PATHS = "$(inherited) @executable_path/Frameworks";
				PRODUCT_NAME = "$(TARGET_NAME)";
			};
			name = Release;
		};
		B5B115151BA5A92F00257C49 /* Debug */ = {
			isa = XCBuildConfiguration;
			buildSettings = {
				ASSETCATALOG_COMPILER_APPICON_NAME = AppIcon;
				GCC_PREPROCESSOR_DEFINITIONS = (
					"DEBUG=1",
					"$(inherited)",
				);
				INFOPLIST_FILE = "module 04.solution/Info.plist";
				LD_RUNPATH_SEARCH_PATHS = "$(inherited) @executable_path/Frameworks";
				PRODUCT_NAME = "$(TARGET_NAME)";
			};
			name = Debug;
		};
		B5B115161BA5A92F00257C49 /* Release */ = {
			isa = XCBuildConfiguration;
			buildSettings = {
				ASSETCATALOG_COMPILER_APPICON_NAME = AppIcon;
				INFOPLIST_FILE = "module 04.solution/Info.plist";
				LD_RUNPATH_SEARCH_PATHS = "$(inherited) @executable_path/Frameworks";
				PRODUCT_NAME = "$(TARGET_NAME)";
			};
			name = Release;
		};
/* End XCBuildConfiguration section */

/* Begin XCConfigurationList section */
		B5B113BC1BA5A67A00257C49 /* Build configuration list for PBXProject "Introduction aux storyboards" */ = {
			isa = XCConfigurationList;
			buildConfigurations = (
				B5B113DE1BA5A67A00257C49 /* Debug */,
				B5B113DF1BA5A67A00257C49 /* Release */,
			);
			defaultConfigurationIsVisible = 0;
			defaultConfigurationName = Release;
		};
		B5B113E01BA5A67A00257C49 /* Build configuration list for PBXNativeTarget "Introduction aux storyboards" */ = {
			isa = XCConfigurationList;
			buildConfigurations = (
				B5B113E11BA5A67A00257C49 /* Debug */,
				B5B113E21BA5A67A00257C49 /* Release */,
			);
			defaultConfigurationIsVisible = 0;
		};
		B5B113E31BA5A67A00257C49 /* Build configuration list for PBXNativeTarget "Introduction aux storyboardsTests" */ = {
			isa = XCConfigurationList;
			buildConfigurations = (
				B5B113E41BA5A67A00257C49 /* Debug */,
				B5B113E51BA5A67A00257C49 /* Release */,
			);
			defaultConfigurationIsVisible = 0;
		};
		B5B1140A1BA5A7C100257C49 /* Build configuration list for PBXNativeTarget "module 01" */ = {
			isa = XCConfigurationList;
			buildConfigurations = (
				B5B1140B1BA5A7C100257C49 /* Debug */,
				B5B1140C1BA5A7C100257C49 /* Release */,
			);
			defaultConfigurationIsVisible = 0;
		};
		B5B114301BA5A7EA00257C49 /* Build configuration list for PBXNativeTarget "module 02" */ = {
			isa = XCConfigurationList;
			buildConfigurations = (
				B5B114311BA5A7EA00257C49 /* Debug */,
				B5B114321BA5A7EA00257C49 /* Release */,
			);
			defaultConfigurationIsVisible = 0;
		};
		B5B114561BA5A80800257C49 /* Build configuration list for PBXNativeTarget "module 03" */ = {
			isa = XCConfigurationList;
			buildConfigurations = (
				B5B114571BA5A80800257C49 /* Debug */,
				B5B114581BA5A80800257C49 /* Release */,
			);
			defaultConfigurationIsVisible = 0;
		};
		B5B1147C1BA5A82300257C49 /* Build configuration list for PBXNativeTarget "module 04" */ = {
			isa = XCConfigurationList;
			buildConfigurations = (
				B5B1147D1BA5A82300257C49 /* Debug */,
				B5B1147E1BA5A82300257C49 /* Release */,
			);
			defaultConfigurationIsVisible = 0;
		};
		B5B114A21BA5A85B00257C49 /* Build configuration list for PBXNativeTarget "module 01.solution" */ = {
			isa = XCConfigurationList;
			buildConfigurations = (
				B5B114A31BA5A85B00257C49 /* Debug */,
				B5B114A41BA5A85B00257C49 /* Release */,
			);
			defaultConfigurationIsVisible = 0;
		};
		B5B114C81BA5A87B00257C49 /* Build configuration list for PBXNativeTarget "module 02.solution" */ = {
			isa = XCConfigurationList;
			buildConfigurations = (
				B5B114C91BA5A87B00257C49 /* Debug */,
				B5B114CA1BA5A87B00257C49 /* Release */,
			);
			defaultConfigurationIsVisible = 0;
		};
		B5B114EE1BA5A90A00257C49 /* Build configuration list for PBXNativeTarget "module 03.solution" */ = {
			isa = XCConfigurationList;
			buildConfigurations = (
				B5B114EF1BA5A90A00257C49 /* Debug */,
				B5B114F01BA5A90A00257C49 /* Release */,
			);
			defaultConfigurationIsVisible = 0;
		};
		B5B115141BA5A92F00257C49 /* Build configuration list for PBXNativeTarget "module 04.solution" */ = {
			isa = XCConfigurationList;
			buildConfigurations = (
				B5B115151BA5A92F00257C49 /* Debug */,
				B5B115161BA5A92F00257C49 /* Release */,
			);
			defaultConfigurationIsVisible = 0;
		};
/* End XCConfigurationList section */
	};
	rootObject = B5B113B91BA5A67A00257C49 /* Project object */;
}
