// !$*UTF8*$!
{
	archiveVersion = 1;
	classes = {
	};
	objectVersion = 46;
	objects = {

/* Begin PBXBuildFile section */
		B5B113C71BA5A67A00257C49 /* AppDelegate.swift in Sources */ = {isa = PBXBuildFile; fileRef = B5B113C61BA5A67A00257C49 /* AppDelegate.swift */; };
		B5B113C91BA5A67A00257C49 /* ViewController.swift in Sources */ = {isa = PBXBuildFile; fileRef = B5B113C81BA5A67A00257C49 /* ViewController.swift */; };
		B5B113CC1BA5A67A00257C49 /* Main.storyboard in Resources */ = {isa = PBXBuildFile; fileRef = B5B113CA1BA5A67A00257C49 /* Main.storyboard */; };
		B5B113CE1BA5A67A00257C49 /* Images.xcassets in Resources */ = {isa = PBXBuildFile; fileRef = B5B113CD1BA5A67A00257C49 /* Images.xcassets */; };
		B5B113D11BA5A67A00257C49 /* LaunchScreen.xib in Resources */ = {isa = PBXBuildFile; fileRef = B5B113CF1BA5A67A00257C49 /* LaunchScreen.xib */; };
		B5B113DD1BA5A67A00257C49 /* Introduction_aux_storyboardsTests.swift in Sources */ = {isa = PBXBuildFile; fileRef = B5B113DC1BA5A67A00257C49 /* Introduction_aux_storyboardsTests.swift */; };
/* End PBXBuildFile section */

/* Begin PBXContainerItemProxy section */
		B5B113D71BA5A67A00257C49 /* PBXContainerItemProxy */ = {
			isa = PBXContainerItemProxy;
			containerPortal = B5B113B91BA5A67A00257C49 /* Project object */;
			proxyType = 1;
			remoteGlobalIDString = B5B113C01BA5A67A00257C49;
			remoteInfo = "Introduction aux storyboards";
		};
/* End PBXContainerItemProxy section */

/* Begin PBXFileReference section */
		B5B113C11BA5A67A00257C49 /* Introduction aux storyboards.app */ = {isa = PBXFileReference; explicitFileType = wrapper.application; includeInIndex = 0; path = "Introduction aux storyboards.app"; sourceTree = BUILT_PRODUCTS_DIR; };
		B5B113C51BA5A67A00257C49 /* Info.plist */ = {isa = PBXFileReference; lastKnownFileType = text.plist.xml; path = Info.plist; sourceTree = "<group>"; };
		B5B113C61BA5A67A00257C49 /* AppDelegate.swift */ = {isa = PBXFileReference; lastKnownFileType = sourcecode.swift; path = AppDelegate.swift; sourceTree = "<group>"; };
		B5B113C81BA5A67A00257C49 /* ViewController.swift */ = {isa = PBXFileReference; lastKnownFileType = sourcecode.swift; path = ViewController.swift; sourceTree = "<group>"; };
		B5B113CB1BA5A67A00257C49 /* Base */ = {isa = PBXFileReference; lastKnownFileType = file.storyboard; name = Base; path = Base.lproj/Main.storyboard; sourceTree = "<group>"; };
		B5B113CD1BA5A67A00257C49 /* Images.xcassets */ = {isa = PBXFileReference; lastKnownFileType = folder.assetcatalog; path = Images.xcassets; sourceTree = "<group>"; };
		B5B113D01BA5A67A00257C49 /* Base */ = {isa = PBXFileReference; lastKnownFileType = file.xib; name = Base; path = Base.lproj/LaunchScreen.xib; sourceTree = "<group>"; };
		B5B113D61BA5A67A00257C49 /* Introduction aux storyboardsTests.xctest */ = {isa = PBXFileReference; explicitFileType = wrapper.cfbundle; includeInIndex = 0; path = "Introduction aux storyboardsTests.xctest"; sourceTree = BUILT_PRODUCTS_DIR; };
		B5B113DB1BA5A67A00257C49 /* Info.plist */ = {isa = PBXFileReference; lastKnownFileType = text.plist.xml; path = Info.plist; sourceTree = "<group>"; };
		B5B113DC1BA5A67A00257C49 /* Introduction_aux_storyboardsTests.swift */ = {isa = PBXFileReference; lastKnownFileType = sourcecode.swift; path = Introduction_aux_storyboardsTests.swift; sourceTree = "<group>"; };
/* End PBXFileReference section */

/* Begin PBXFrameworksBuildPhase section */
		B5B113BE1BA5A67A00257C49 /* Frameworks */ = {
			isa = PBXFrameworksBuildPhase;
			buildActionMask = 2147483647;
			files = (
			);
			runOnlyForDeploymentPostprocessing = 0;
		};
		B5B113D31BA5A67A00257C49 /* Frameworks */ = {
			isa = PBXFrameworksBuildPhase;
			buildActionMask = 2147483647;
			files = (
			);
			runOnlyForDeploymentPostprocessing = 0;
		};
/* End PBXFrameworksBuildPhase section */

/* Begin PBXGroup section */
		B5B113B81BA5A67A00257C49 = {
			isa = PBXGroup;
			children = (
				B5B113C31BA5A67A00257C49 /* Introduction aux storyboards */,
				B5B113D91BA5A67A00257C49 /* Introduction aux storyboardsTests */,
				B5B113C21BA5A67A00257C49 /* Products */,
			);
			sourceTree = "<group>";
		};
		B5B113C21BA5A67A00257C49 /* Products */ = {
			isa = PBXGroup;
			children = (
				B5B113C11BA5A67A00257C49 /* Introduction aux storyboards.app */,
				B5B113D61BA5A67A00257C49 /* Introduction aux storyboardsTests.xctest */,
			);
			name = Products;
			sourceTree = "<group>";
		};
		B5B113C31BA5A67A00257C49 /* Introduction aux storyboards */ = {
			isa = PBXGroup;
			children = (
				B5B113C61BA5A67A00257C49 /* AppDelegate.swift */,
				B5B113C81BA5A67A00257C49 /* ViewController.swift */,
				B5B113CA1BA5A67A00257C49 /* Main.storyboard */,
				B5B113CD1BA5A67A00257C49 /* Images.xcassets */,
				B5B113CF1BA5A67A00257C49 /* LaunchScreen.xib */,
				B5B113C41BA5A67A00257C49 /* Supporting Files */,
			);
			path = "Introduction aux storyboards";
			sourceTree = "<group>";
		};
		B5B113C41BA5A67A00257C49 /* Supporting Files */ = {
			isa = PBXGroup;
			children = (
				B5B113C51BA5A67A00257C49 /* Info.plist */,
			);
			name = "Supporting Files";
			sourceTree = "<group>";
		};
		B5B113D91BA5A67A00257C49 /* Introduction aux storyboardsTests */ = {
			isa = PBXGroup;
			children = (
				B5B113DC1BA5A67A00257C49 /* Introduction_aux_storyboardsTests.swift */,
				B5B113DA1BA5A67A00257C49 /* Supporting Files */,
			);
			path = "Introduction aux storyboardsTests";
			sourceTree = "<group>";
		};
		B5B113DA1BA5A67A00257C49 /* Supporting Files */ = {
			isa = PBXGroup;
			children = (
				B5B113DB1BA5A67A00257C49 /* Info.plist */,
			);
			name = "Supporting Files";
			sourceTree = "<group>";
		};
/* End PBXGroup section */

/* Begin PBXNativeTarget section */
		B5B113C01BA5A67A00257C49 /* Introduction aux storyboards */ = {
			isa = PBXNativeTarget;
			buildConfigurationList = B5B113E01BA5A67A00257C49 /* Build configuration list for PBXNativeTarget "Introduction aux storyboards" */;
			buildPhases = (
				B5B113BD1BA5A67A00257C49 /* Sources */,
				B5B113BE1BA5A67A00257C49 /* Frameworks */,
				B5B113BF1BA5A67A00257C49 /* Resources */,
			);
			buildRules = (
			);
			dependencies = (
			);
			name = "Introduction aux storyboards";
			productName = "Introduction aux storyboards";
			productReference = B5B113C11BA5A67A00257C49 /* Introduction aux storyboards.app */;
			productType = "com.apple.product-type.application";
		};
		B5B113D51BA5A67A00257C49 /* Introduction aux storyboardsTests */ = {
			isa = PBXNativeTarget;
			buildConfigurationList = B5B113E31BA5A67A00257C49 /* Build configuration list for PBXNativeTarget "Introduction aux storyboardsTests" */;
			buildPhases = (
				B5B113D21BA5A67A00257C49 /* Sources */,
				B5B113D31BA5A67A00257C49 /* Frameworks */,
				B5B113D41BA5A67A00257C49 /* Resources */,
			);
			buildRules = (
			);
			dependencies = (
				B5B113D81BA5A67A00257C49 /* PBXTargetDependency */,
			);
			name = "Introduction aux storyboardsTests";
			productName = "Introduction aux storyboardsTests";
			productReference = B5B113D61BA5A67A00257C49 /* Introduction aux storyboardsTests.xctest */;
			productType = "com.apple.product-type.bundle.unit-test";
		};
/* End PBXNativeTarget section */

/* Begin PBXProject section */
		B5B113B91BA5A67A00257C49 /* Project object */ = {
			isa = PBXProject;
			attributes = {
				LastUpgradeCheck = 0640;
				ORGANIZATIONNAME = "Production sur support";
				TargetAttributes = {
					B5B113C01BA5A67A00257C49 = {
						CreatedOnToolsVersion = 6.4;
					};
					B5B113D51BA5A67A00257C49 = {
						CreatedOnToolsVersion = 6.4;
						TestTargetID = B5B113C01BA5A67A00257C49;
					};
				};
			};
			buildConfigurationList = B5B113BC1BA5A67A00257C49 /* Build configuration list for PBXProject "Introduction aux storyboards" */;
			compatibilityVersion = "Xcode 3.2";
			developmentRegion = English;
			hasScannedForEncodings = 0;
			knownRegions = (
				en,
				Base,
			);
			mainGroup = B5B113B81BA5A67A00257C49;
			productRefGroup = B5B113C21BA5A67A00257C49 /* Products */;
			projectDirPath = "";
			projectRoot = "";
			targets = (
				B5B113C01BA5A67A00257C49 /* Introduction aux storyboards */,
				B5B113D51BA5A67A00257C49 /* Introduction aux storyboardsTests */,
			);
		};
/* End PBXProject section */

/* Begin PBXResourcesBuildPhase section */
		B5B113BF1BA5A67A00257C49 /* Resources */ = {
			isa = PBXResourcesBuildPhase;
			buildActionMask = 2147483647;
			files = (
				B5B113CC1BA5A67A00257C49 /* Main.storyboard in Resources */,
				B5B113D11BA5A67A00257C49 /* LaunchScreen.xib in Resources */,
				B5B113CE1BA5A67A00257C49 /* Images.xcassets in Resources */,
			);
			runOnlyForDeploymentPostprocessing = 0;
		};
		B5B113D41BA5A67A00257C49 /* Resources */ = {
			isa = PBXResourcesBuildPhase;
			buildActionMask = 2147483647;
			files = (
			);
			runOnlyForDeploymentPostprocessing = 0;
		};
/* End PBXResourcesBuildPhase section */

/* Begin PBXSourcesBuildPhase section */
		B5B113BD1BA5A67A00257C49 /* Sources */ = {
			isa = PBXSourcesBuildPhase;
			buildActionMask = 2147483647;
			files = (
				B5B113C91BA5A67A00257C49 /* ViewController.swift in Sources */,
				B5B113C71BA5A67A00257C49 /* AppDelegate.swift in Sources */,
			);
			runOnlyForDeploymentPostprocessing = 0;
		};
		B5B113D21BA5A67A00257C49 /* Sources */ = {
			isa = PBXSourcesBuildPhase;
			buildActionMask = 2147483647;
			files = (
				B5B113DD1BA5A67A00257C49 /* Introduction_aux_storyboardsTests.swift in Sources */,
			);
			runOnlyForDeploymentPostprocessing = 0;
		};
/* End PBXSourcesBuildPhase section */

/* Begin PBXTargetDependency section */
		B5B113D81BA5A67A00257C49 /* PBXTargetDependency */ = {
			isa = PBXTargetDependency;
			target = B5B113C01BA5A67A00257C49 /* Introduction aux storyboards */;
			targetProxy = B5B113D71BA5A67A00257C49 /* PBXContainerItemProxy */;
		};
/* End PBXTargetDependency section */

/* Begin PBXVariantGroup section */
		B5B113CA1BA5A67A00257C49 /* Main.storyboard */ = {
			isa = PBXVariantGroup;
			children = (
				B5B113CB1BA5A67A00257C49 /* Base */,
			);
			name = Main.storyboard;
			sourceTree = "<group>";
		};
		B5B113CF1BA5A67A00257C49 /* LaunchScreen.xib */ = {
			isa = PBXVariantGroup;
			children = (
				B5B113D01BA5A67A00257C49 /* Base */,
			);
			name = LaunchScreen.xib;
			sourceTree = "<group>";
		};
/* End PBXVariantGroup section */

/* Begin XCBuildConfiguration section */
		B5B113DE1BA5A67A00257C49 /* Debug */ = {
			isa = XCBuildConfiguration;
			buildSettings = {
				ALWAYS_SEARCH_USER_PATHS = NO;
				CLANG_CXX_LANGUAGE_STANDARD = "gnu++0x";
				CLANG_CXX_LIBRARY = "libc++";
				CLANG_ENABLE_MODULES = YES;
				CLANG_ENABLE_OBJC_ARC = YES;
				CLANG_WARN_BOOL_CONVERSION = YES;
				CLANG_WARN_CONSTANT_CONVERSION = YES;
				CLANG_WARN_DIRECT_OBJC_ISA_USAGE = YES_ERROR;
				CLANG_WARN_EMPTY_BODY = YES;
				CLANG_WARN_ENUM_CONVERSION = YES;
				CLANG_WARN_INT_CONVERSION = YES;
				CLANG_WARN_OBJC_ROOT_CLASS = YES_ERROR;
				CLANG_WARN_UNREACHABLE_CODE = YES;
				CLANG_WARN__DUPLICATE_METHOD_MATCH = YES;
				"CODE_SIGN_IDENTITY[sdk=iphoneos*]" = "iPhone Developer";
				COPY_PHASE_STRIP = NO;
				DEBUG_INFORMATION_FORMAT = "dwarf-with-dsym";
				ENABLE_STRICT_OBJC_MSGSEND = YES;
				GCC_C_LANGUAGE_STANDARD = gnu99;
				GCC_DYNAMIC_NO_PIC = NO;
				GCC_NO_COMMON_BLOCKS = YES;
				GCC_OPTIMIZATION_LEVEL = 0;
				GCC_PREPROCESSOR_DEFINITIONS = (
					"DEBUG=1",
					"$(inherited)",
				);
				GCC_SYMBOLS_PRIVATE_EXTERN = NO;
				GCC_WARN_64_TO_32_BIT_CONVERSION = YES;
				GCC_WARN_ABOUT_RETURN_TYPE = YES_ERROR;
				GCC_WARN_UNDECLARED_SELECTOR = YES;
				GCC_WARN_UNINITIALIZED_AUTOS = YES_AGGRESSIVE;
				GCC_WARN_UNUSED_FUNCTION = YES;
				GCC_WARN_UNUSED_VARIABLE = YES;
				IPHONEOS_DEPLOYMENT_TARGET = 8.4;
				MTL_ENABLE_DEBUG_INFO = YES;
				ONLY_ACTIVE_ARCH = YES;
				SDKROOT = iphoneos;
				SWIFT_OPTIMIZATION_LEVEL = "-Onone";
			};
			name = Debug;
		};
		B5B113DF1BA5A67A00257C49 /* Release */ = {
			isa = XCBuildConfiguration;
			buildSettings = {
				ALWAYS_SEARCH_USER_PATHS = NO;
				CLANG_CXX_LANGUAGE_STANDARD = "gnu++0x";
				CLANG_CXX_LIBRARY = "libc++";
				CLANG_ENABLE_MODULES = YES;
				CLANG_ENABLE_OBJC_ARC = YES;
				CLANG_WARN_BOOL_CONVERSION = YES;
				CLANG_WARN_CONSTANT_CONVERSION = YES;
				CLANG_WARN_DIRECT_OBJC_ISA_USAGE = YES_ERROR;
				CLANG_WARN_EMPTY_BODY = YES;
				CLANG_WARN_ENUM_CONVERSION = YES;
				CLANG_WARN_INT_CONVERSION = YES;
				CLANG_WARN_OBJC_ROOT_CLASS = YES_ERROR;
				CLANG_WARN_UNREACHABLE_CODE = YES;
				CLANG_WARN__DUPLICATE_METHOD_MATCH = YES;
				"CODE_SIGN_IDENTITY[sdk=iphoneos*]" = "iPhone Developer";
				COPY_PHASE_STRIP = NO;
				DEBUG_INFORMATION_FORMAT = "dwarf-with-dsym";
				ENABLE_NS_ASSERTIONS = NO;
				ENABLE_STRICT_OBJC_MSGSEND = YES;
				GCC_C_LANGUAGE_STANDARD = gnu99;
				GCC_NO_COMMON_BLOCKS = YES;
				GCC_WARN_64_TO_32_BIT_CONVERSION = YES;
				GCC_WARN_ABOUT_RETURN_TYPE = YES_ERROR;
				GCC_WARN_UNDECLARED_SELECTOR = YES;
				GCC_WARN_UNINITIALIZED_AUTOS = YES_AGGRESSIVE;
				GCC_WARN_UNUSED_FUNCTION = YES;
				GCC_WARN_UNUSED_VARIABLE = YES;
				IPHONEOS_DEPLOYMENT_TARGET = 8.4;
				MTL_ENABLE_DEBUG_INFO = NO;
				SDKROOT = iphoneos;
				VALIDATE_PRODUCT = YES;
			};
			name = Release;
		};
		B5B113E11BA5A67A00257C49 /* Debug */ = {
			isa = XCBuildConfiguration;
			buildSettings = {
				ASSETCATALOG_COMPILER_APPICON_NAME = AppIcon;
				INFOPLIST_FILE = "Introduction aux storyboards/Info.plist";
				LD_RUNPATH_SEARCH_PATHS = "$(inherited) @executable_path/Frameworks";
				PRODUCT_NAME = "$(TARGET_NAME)";
			};
			name = Debug;
		};
		B5B113E21BA5A67A00257C49 /* Release */ = {
			isa = XCBuildConfiguration;
			buildSettings = {
				ASSETCATALOG_COMPILER_APPICON_NAME = AppIcon;
				INFOPLIST_FILE = "Introduction aux storyboards/Info.plist";
				LD_RUNPATH_SEARCH_PATHS = "$(inherited) @executable_path/Frameworks";
				PRODUCT_NAME = "$(TARGET_NAME)";
			};
			name = Release;
		};
		B5B113E41BA5A67A00257C49 /* Debug */ = {
			isa = XCBuildConfiguration;
			buildSettings = {
				BUNDLE_LOADER = "$(TEST_HOST)";
				FRAMEWORK_SEARCH_PATHS = (
					"$(SDKROOT)/Developer/Library/Frameworks",
					"$(inherited)",
				);
				GCC_PREPROCESSOR_DEFINITIONS = (
					"DEBUG=1",
					"$(inherited)",
				);
				INFOPLIST_FILE = "Introduction aux storyboardsTests/Info.plist";
				LD_RUNPATH_SEARCH_PATHS = "$(inherited) @executable_path/Frameworks @loader_path/Frameworks";
				PRODUCT_NAME = "$(TARGET_NAME)";
				TEST_HOST = "$(BUILT_PRODUCTS_DIR)/Introduction aux storyboards.app/Introduction aux storyboards";
			};
			name = Debug;
		};
		B5B113E51BA5A67A00257C49 /* Release */ = {
			isa = XCBuildConfiguration;
			buildSettings = {
				BUNDLE_LOADER = "$(TEST_HOST)";
				FRAMEWORK_SEARCH_PATHS = (
					"$(SDKROOT)/Developer/Library/Frameworks",
					"$(inherited)",
				);
				INFOPLIST_FILE = "Introduction aux storyboardsTests/Info.plist";
				LD_RUNPATH_SEARCH_PATHS = "$(inherited) @executable_path/Frameworks @loader_path/Frameworks";
				PRODUCT_NAME = "$(TARGET_NAME)";
				TEST_HOST = "$(BUILT_PRODUCTS_DIR)/Introduction aux storyboards.app/Introduction aux storyboards";
			};
			name = Release;
		};
/* End XCBuildConfiguration section */

/* Begin XCConfigurationList section */
		B5B113BC1BA5A67A00257C49 /* Build configuration list for PBXProject "Introduction aux storyboards" */ = {
			isa = XCConfigurationList;
			buildConfigurations = (
				B5B113DE1BA5A67A00257C49 /* Debug */,
				B5B113DF1BA5A67A00257C49 /* Release */,
			);
			defaultConfigurationIsVisible = 0;
			defaultConfigurationName = Release;
		};
		B5B113E01BA5A67A00257C49 /* Build configuration list for PBXNativeTarget "Introduction aux storyboards" */ = {
			isa = XCConfigurationList;
			buildConfigurations = (
				B5B113E11BA5A67A00257C49 /* Debug */,
				B5B113E21BA5A67A00257C49 /* Release */,
			);
			defaultConfigurationIsVisible = 0;
		};
		B5B113E31BA5A67A00257C49 /* Build configuration list for PBXNativeTarget "Introduction aux storyboardsTests" */ = {
			isa = XCConfigurationList;
			buildConfigurations = (
				B5B113E41BA5A67A00257C49 /* Debug */,
				B5B113E51BA5A67A00257C49 /* Release */,
			);
			defaultConfigurationIsVisible = 0;
		};
/* End XCConfigurationList section */
	};
	rootObject = B5B113B91BA5A67A00257C49 /* Project object */;
}
